// !$*UTF8*$!
{
	archiveVersion = 1;
	classes = {
	};
	objectVersion = 50;
	objects = {

/* Begin PBXBuildFile section */
		EA8C1D5B219CE61D00F4D502 /* AppDelegate.swift in Sources */ = {isa = PBXBuildFile; fileRef = EA8C1D5A219CE61D00F4D502 /* AppDelegate.swift */; };
		EA8C1D5D219CE61D00F4D502 /* ViewController.swift in Sources */ = {isa = PBXBuildFile; fileRef = EA8C1D5C219CE61D00F4D502 /* ViewController.swift */; };
		EA8C1D60219CE61D00F4D502 /* Main.storyboard in Resources */ = {isa = PBXBuildFile; fileRef = EA8C1D5E219CE61D00F4D502 /* Main.storyboard */; };
		EA8C1D63219CE61D00F4D502 /* Tricktionary.xcdatamodeld in Sources */ = {isa = PBXBuildFile; fileRef = EA8C1D61219CE61D00F4D502 /* Tricktionary.xcdatamodeld */; };
		EA8C1D65219CE61D00F4D502 /* Assets.xcassets in Resources */ = {isa = PBXBuildFile; fileRef = EA8C1D64219CE61D00F4D502 /* Assets.xcassets */; };
		EA8C1D68219CE61D00F4D502 /* LaunchScreen.storyboard in Resources */ = {isa = PBXBuildFile; fileRef = EA8C1D66219CE61D00F4D502 /* LaunchScreen.storyboard */; };
		EA8C1D73219CE61D00F4D502 /* TricktionaryTests.swift in Sources */ = {isa = PBXBuildFile; fileRef = EA8C1D72219CE61D00F4D502 /* TricktionaryTests.swift */; };
		EA8C1D7E219CE61D00F4D502 /* TricktionaryUITests.swift in Sources */ = {isa = PBXBuildFile; fileRef = EA8C1D7D219CE61D00F4D502 /* TricktionaryUITests.swift */; };
/* End PBXBuildFile section */

/* Begin PBXContainerItemProxy section */
		EA8C1D6F219CE61D00F4D502 /* PBXContainerItemProxy */ = {
			isa = PBXContainerItemProxy;
			containerPortal = EA8C1D4F219CE61C00F4D502 /* Project object */;
			proxyType = 1;
			remoteGlobalIDString = EA8C1D56219CE61C00F4D502;
			remoteInfo = Tricktionary;
		};
		EA8C1D7A219CE61D00F4D502 /* PBXContainerItemProxy */ = {
			isa = PBXContainerItemProxy;
			containerPortal = EA8C1D4F219CE61C00F4D502 /* Project object */;
			proxyType = 1;
			remoteGlobalIDString = EA8C1D56219CE61C00F4D502;
			remoteInfo = Tricktionary;
		};
/* End PBXContainerItemProxy section */

/* Begin PBXFileReference section */
		EA8C1D57219CE61D00F4D502 /* Tricktionary.app */ = {isa = PBXFileReference; explicitFileType = wrapper.application; includeInIndex = 0; path = Tricktionary.app; sourceTree = BUILT_PRODUCTS_DIR; };
		EA8C1D5A219CE61D00F4D502 /* AppDelegate.swift */ = {isa = PBXFileReference; lastKnownFileType = sourcecode.swift; path = AppDelegate.swift; sourceTree = "<group>"; };
		EA8C1D5C219CE61D00F4D502 /* ViewController.swift */ = {isa = PBXFileReference; lastKnownFileType = sourcecode.swift; path = ViewController.swift; sourceTree = "<group>"; };
		EA8C1D5F219CE61D00F4D502 /* Base */ = {isa = PBXFileReference; lastKnownFileType = file.storyboard; name = Base; path = Base.lproj/Main.storyboard; sourceTree = "<group>"; };
		EA8C1D62219CE61D00F4D502 /* Tricktionary.xcdatamodel */ = {isa = PBXFileReference; lastKnownFileType = wrapper.xcdatamodel; path = Tricktionary.xcdatamodel; sourceTree = "<group>"; };
		EA8C1D64219CE61D00F4D502 /* Assets.xcassets */ = {isa = PBXFileReference; lastKnownFileType = folder.assetcatalog; path = Assets.xcassets; sourceTree = "<group>"; };
		EA8C1D67219CE61D00F4D502 /* Base */ = {isa = PBXFileReference; lastKnownFileType = file.storyboard; name = Base; path = Base.lproj/LaunchScreen.storyboard; sourceTree = "<group>"; };
		EA8C1D69219CE61D00F4D502 /* Info.plist */ = {isa = PBXFileReference; lastKnownFileType = text.plist.xml; path = Info.plist; sourceTree = "<group>"; };
		EA8C1D6E219CE61D00F4D502 /* TricktionaryTests.xctest */ = {isa = PBXFileReference; explicitFileType = wrapper.cfbundle; includeInIndex = 0; path = TricktionaryTests.xctest; sourceTree = BUILT_PRODUCTS_DIR; };
		EA8C1D72219CE61D00F4D502 /* TricktionaryTests.swift */ = {isa = PBXFileReference; lastKnownFileType = sourcecode.swift; path = TricktionaryTests.swift; sourceTree = "<group>"; };
		EA8C1D74219CE61D00F4D502 /* Info.plist */ = {isa = PBXFileReference; lastKnownFileType = text.plist.xml; path = Info.plist; sourceTree = "<group>"; };
		EA8C1D79219CE61D00F4D502 /* TricktionaryUITests.xctest */ = {isa = PBXFileReference; explicitFileType = wrapper.cfbundle; includeInIndex = 0; path = TricktionaryUITests.xctest; sourceTree = BUILT_PRODUCTS_DIR; };
		EA8C1D7D219CE61D00F4D502 /* TricktionaryUITests.swift */ = {isa = PBXFileReference; lastKnownFileType = sourcecode.swift; path = TricktionaryUITests.swift; sourceTree = "<group>"; };
		EA8C1D7F219CE61D00F4D502 /* Info.plist */ = {isa = PBXFileReference; lastKnownFileType = text.plist.xml; path = Info.plist; sourceTree = "<group>"; };
/* End PBXFileReference section */

/* Begin PBXFrameworksBuildPhase section */
		EA8C1D54219CE61C00F4D502 /* Frameworks */ = {
			isa = PBXFrameworksBuildPhase;
			buildActionMask = 2147483647;
			files = (
			);
			runOnlyForDeploymentPostprocessing = 0;
		};
		EA8C1D6B219CE61D00F4D502 /* Frameworks */ = {
			isa = PBXFrameworksBuildPhase;
			buildActionMask = 2147483647;
			files = (
			);
			runOnlyForDeploymentPostprocessing = 0;
		};
		EA8C1D76219CE61D00F4D502 /* Frameworks */ = {
			isa = PBXFrameworksBuildPhase;
			buildActionMask = 2147483647;
			files = (
			);
			runOnlyForDeploymentPostprocessing = 0;
		};
/* End PBXFrameworksBuildPhase section */

/* Begin PBXGroup section */
		EA8C1D4E219CE61C00F4D502 = {
			isa = PBXGroup;
			children = (
				EA8C1D59219CE61D00F4D502 /* Tricktionary */,
				EA8C1D71219CE61D00F4D502 /* TricktionaryTests */,
				EA8C1D7C219CE61D00F4D502 /* TricktionaryUITests */,
				EA8C1D58219CE61D00F4D502 /* Products */,
			);
			sourceTree = "<group>";
		};
		EA8C1D58219CE61D00F4D502 /* Products */ = {
			isa = PBXGroup;
			children = (
				EA8C1D57219CE61D00F4D502 /* Tricktionary.app */,
				EA8C1D6E219CE61D00F4D502 /* TricktionaryTests.xctest */,
				EA8C1D79219CE61D00F4D502 /* TricktionaryUITests.xctest */,
			);
			name = Products;
			sourceTree = "<group>";
		};
		EA8C1D59219CE61D00F4D502 /* Tricktionary */ = {
			isa = PBXGroup;
			children = (
				EA8C1D5A219CE61D00F4D502 /* AppDelegate.swift */,
				EA8C1D5C219CE61D00F4D502 /* ViewController.swift */,
				EA8C1D5E219CE61D00F4D502 /* Main.storyboard */,
				EA8C1D64219CE61D00F4D502 /* Assets.xcassets */,
				EA8C1D66219CE61D00F4D502 /* LaunchScreen.storyboard */,
				EA8C1D69219CE61D00F4D502 /* Info.plist */,
				EA8C1D61219CE61D00F4D502 /* Tricktionary.xcdatamodeld */,
			);
			path = Tricktionary;
			sourceTree = "<group>";
		};
		EA8C1D71219CE61D00F4D502 /* TricktionaryTests */ = {
			isa = PBXGroup;
			children = (
				EA8C1D72219CE61D00F4D502 /* TricktionaryTests.swift */,
				EA8C1D74219CE61D00F4D502 /* Info.plist */,
			);
			path = TricktionaryTests;
			sourceTree = "<group>";
		};
		EA8C1D7C219CE61D00F4D502 /* TricktionaryUITests */ = {
			isa = PBXGroup;
			children = (
				EA8C1D7D219CE61D00F4D502 /* TricktionaryUITests.swift */,
				EA8C1D7F219CE61D00F4D502 /* Info.plist */,
			);
			path = TricktionaryUITests;
			sourceTree = "<group>";
		};
/* End PBXGroup section */

/* Begin PBXNativeTarget section */
		EA8C1D56219CE61C00F4D502 /* Tricktionary */ = {
			isa = PBXNativeTarget;
			buildConfigurationList = EA8C1D82219CE61D00F4D502 /* Build configuration list for PBXNativeTarget "Tricktionary" */;
			buildPhases = (
				EA8C1D53219CE61C00F4D502 /* Sources */,
				EA8C1D54219CE61C00F4D502 /* Frameworks */,
				EA8C1D55219CE61C00F4D502 /* Resources */,
			);
			buildRules = (
			);
			dependencies = (
			);
			name = Tricktionary;
			productName = Tricktionary;
			productReference = EA8C1D57219CE61D00F4D502 /* Tricktionary.app */;
			productType = "com.apple.product-type.application";
		};
		EA8C1D6D219CE61D00F4D502 /* TricktionaryTests */ = {
			isa = PBXNativeTarget;
			buildConfigurationList = EA8C1D85219CE61D00F4D502 /* Build configuration list for PBXNativeTarget "TricktionaryTests" */;
			buildPhases = (
				EA8C1D6A219CE61D00F4D502 /* Sources */,
				EA8C1D6B219CE61D00F4D502 /* Frameworks */,
				EA8C1D6C219CE61D00F4D502 /* Resources */,
			);
			buildRules = (
			);
			dependencies = (
				EA8C1D70219CE61D00F4D502 /* PBXTargetDependency */,
			);
			name = TricktionaryTests;
			productName = TricktionaryTests;
			productReference = EA8C1D6E219CE61D00F4D502 /* TricktionaryTests.xctest */;
			productType = "com.apple.product-type.bundle.unit-test";
		};
		EA8C1D78219CE61D00F4D502 /* TricktionaryUITests */ = {
			isa = PBXNativeTarget;
			buildConfigurationList = EA8C1D88219CE61D00F4D502 /* Build configuration list for PBXNativeTarget "TricktionaryUITests" */;
			buildPhases = (
				EA8C1D75219CE61D00F4D502 /* Sources */,
				EA8C1D76219CE61D00F4D502 /* Frameworks */,
				EA8C1D77219CE61D00F4D502 /* Resources */,
			);
			buildRules = (
			);
			dependencies = (
				EA8C1D7B219CE61D00F4D502 /* PBXTargetDependency */,
			);
			name = TricktionaryUITests;
			productName = TricktionaryUITests;
			productReference = EA8C1D79219CE61D00F4D502 /* TricktionaryUITests.xctest */;
			productType = "com.apple.product-type.bundle.ui-testing";
		};
/* End PBXNativeTarget section */

/* Begin PBXProject section */
		EA8C1D4F219CE61C00F4D502 /* Project object */ = {
			isa = PBXProject;
			attributes = {
				LastSwiftUpdateCheck = 1010;
				LastUpgradeCheck = 1010;
				ORGANIZATIONNAME = "Marek Šťovíček";
				TargetAttributes = {
					EA8C1D56219CE61C00F4D502 = {
						CreatedOnToolsVersion = 10.1;
					};
					EA8C1D6D219CE61D00F4D502 = {
						CreatedOnToolsVersion = 10.1;
						TestTargetID = EA8C1D56219CE61C00F4D502;
					};
					EA8C1D78219CE61D00F4D502 = {
						CreatedOnToolsVersion = 10.1;
						TestTargetID = EA8C1D56219CE61C00F4D502;
					};
				};
			};
			buildConfigurationList = EA8C1D52219CE61C00F4D502 /* Build configuration list for PBXProject "Tricktionary" */;
			compatibilityVersion = "Xcode 9.3";
			developmentRegion = en;
			hasScannedForEncodings = 0;
			knownRegions = (
				en,
				Base,
			);
			mainGroup = EA8C1D4E219CE61C00F4D502;
			productRefGroup = EA8C1D58219CE61D00F4D502 /* Products */;
			projectDirPath = "";
			projectRoot = "";
			targets = (
				EA8C1D56219CE61C00F4D502 /* Tricktionary */,
				EA8C1D6D219CE61D00F4D502 /* TricktionaryTests */,
				EA8C1D78219CE61D00F4D502 /* TricktionaryUITests */,
			);
		};
/* End PBXProject section */

/* Begin PBXResourcesBuildPhase section */
		EA8C1D55219CE61C00F4D502 /* Resources */ = {
			isa = PBXResourcesBuildPhase;
			buildActionMask = 2147483647;
			files = (
				EA8C1D68219CE61D00F4D502 /* LaunchScreen.storyboard in Resources */,
				EA8C1D65219CE61D00F4D502 /* Assets.xcassets in Resources */,
				EA8C1D60219CE61D00F4D502 /* Main.storyboard in Resources */,
			);
			runOnlyForDeploymentPostprocessing = 0;
		};
		EA8C1D6C219CE61D00F4D502 /* Resources */ = {
			isa = PBXResourcesBuildPhase;
			buildActionMask = 2147483647;
			files = (
			);
			runOnlyForDeploymentPostprocessing = 0;
		};
		EA8C1D77219CE61D00F4D502 /* Resources */ = {
			isa = PBXResourcesBuildPhase;
			buildActionMask = 2147483647;
			files = (
			);
			runOnlyForDeploymentPostprocessing = 0;
		};
/* End PBXResourcesBuildPhase section */

/* Begin PBXSourcesBuildPhase section */
		EA8C1D53219CE61C00F4D502 /* Sources */ = {
			isa = PBXSourcesBuildPhase;
			buildActionMask = 2147483647;
			files = (
				EA8C1D63219CE61D00F4D502 /* Tricktionary.xcdatamodeld in Sources */,
				EA8C1D5D219CE61D00F4D502 /* ViewController.swift in Sources */,
				EA8C1D5B219CE61D00F4D502 /* AppDelegate.swift in Sources */,
			);
			runOnlyForDeploymentPostprocessing = 0;
		};
		EA8C1D6A219CE61D00F4D502 /* Sources */ = {
			isa = PBXSourcesBuildPhase;
			buildActionMask = 2147483647;
			files = (
				EA8C1D73219CE61D00F4D502 /* TricktionaryTests.swift in Sources */,
			);
			runOnlyForDeploymentPostprocessing = 0;
		};
		EA8C1D75219CE61D00F4D502 /* Sources */ = {
			isa = PBXSourcesBuildPhase;
			buildActionMask = 2147483647;
			files = (
				EA8C1D7E219CE61D00F4D502 /* TricktionaryUITests.swift in Sources */,
			);
			runOnlyForDeploymentPostprocessing = 0;
		};
/* End PBXSourcesBuildPhase section */

/* Begin PBXTargetDependency section */
		EA8C1D70219CE61D00F4D502 /* PBXTargetDependency */ = {
			isa = PBXTargetDependency;
			target = EA8C1D56219CE61C00F4D502 /* Tricktionary */;
			targetProxy = EA8C1D6F219CE61D00F4D502 /* PBXContainerItemProxy */;
		};
		EA8C1D7B219CE61D00F4D502 /* PBXTargetDependency */ = {
			isa = PBXTargetDependency;
			target = EA8C1D56219CE61C00F4D502 /* Tricktionary */;
			targetProxy = EA8C1D7A219CE61D00F4D502 /* PBXContainerItemProxy */;
		};
/* End PBXTargetDependency section */

/* Begin PBXVariantGroup section */
		EA8C1D5E219CE61D00F4D502 /* Main.storyboard */ = {
			isa = PBXVariantGroup;
			children = (
				EA8C1D5F219CE61D00F4D502 /* Base */,
			);
			name = Main.storyboard;
			sourceTree = "<group>";
		};
		EA8C1D66219CE61D00F4D502 /* LaunchScreen.storyboard */ = {
			isa = PBXVariantGroup;
			children = (
				EA8C1D67219CE61D00F4D502 /* Base */,
			);
			name = LaunchScreen.storyboard;
			sourceTree = "<group>";
		};
/* End PBXVariantGroup section */

/* Begin XCBuildConfiguration section */
		EA8C1D80219CE61D00F4D502 /* Debug */ = {
			isa = XCBuildConfiguration;
			buildSettings = {
				ALWAYS_SEARCH_USER_PATHS = NO;
				CLANG_ANALYZER_NONNULL = YES;
				CLANG_ANALYZER_NUMBER_OBJECT_CONVERSION = YES_AGGRESSIVE;
				CLANG_CXX_LANGUAGE_STANDARD = "gnu++14";
				CLANG_CXX_LIBRARY = "libc++";
				CLANG_ENABLE_MODULES = YES;
				CLANG_ENABLE_OBJC_ARC = YES;
				CLANG_ENABLE_OBJC_WEAK = YES;
				CLANG_WARN_BLOCK_CAPTURE_AUTORELEASING = YES;
				CLANG_WARN_BOOL_CONVERSION = YES;
				CLANG_WARN_COMMA = YES;
				CLANG_WARN_CONSTANT_CONVERSION = YES;
				CLANG_WARN_DEPRECATED_OBJC_IMPLEMENTATIONS = YES;
				CLANG_WARN_DIRECT_OBJC_ISA_USAGE = YES_ERROR;
				CLANG_WARN_DOCUMENTATION_COMMENTS = YES;
				CLANG_WARN_EMPTY_BODY = YES;
				CLANG_WARN_ENUM_CONVERSION = YES;
				CLANG_WARN_INFINITE_RECURSION = YES;
				CLANG_WARN_INT_CONVERSION = YES;
				CLANG_WARN_NON_LITERAL_NULL_CONVERSION = YES;
				CLANG_WARN_OBJC_IMPLICIT_RETAIN_SELF = YES;
				CLANG_WARN_OBJC_LITERAL_CONVERSION = YES;
				CLANG_WARN_OBJC_ROOT_CLASS = YES_ERROR;
				CLANG_WARN_RANGE_LOOP_ANALYSIS = YES;
				CLANG_WARN_STRICT_PROTOTYPES = YES;
				CLANG_WARN_SUSPICIOUS_MOVE = YES;
				CLANG_WARN_UNGUARDED_AVAILABILITY = YES_AGGRESSIVE;
				CLANG_WARN_UNREACHABLE_CODE = YES;
				CLANG_WARN__DUPLICATE_METHOD_MATCH = YES;
				CODE_SIGN_IDENTITY = "iPhone Developer";
				COPY_PHASE_STRIP = NO;
				DEBUG_INFORMATION_FORMAT = dwarf;
				ENABLE_STRICT_OBJC_MSGSEND = YES;
				ENABLE_TESTABILITY = YES;
				GCC_C_LANGUAGE_STANDARD = gnu11;
				GCC_DYNAMIC_NO_PIC = NO;
				GCC_NO_COMMON_BLOCKS = YES;
				GCC_OPTIMIZATION_LEVEL = 0;
				GCC_PREPROCESSOR_DEFINITIONS = (
					"DEBUG=1",
					"$(inherited)",
				);
				GCC_WARN_64_TO_32_BIT_CONVERSION = YES;
				GCC_WARN_ABOUT_RETURN_TYPE = YES_ERROR;
				GCC_WARN_UNDECLARED_SELECTOR = YES;
				GCC_WARN_UNINITIALIZED_AUTOS = YES_AGGRESSIVE;
				GCC_WARN_UNUSED_FUNCTION = YES;
				GCC_WARN_UNUSED_VARIABLE = YES;
				IPHONEOS_DEPLOYMENT_TARGET = 12.1;
				MTL_ENABLE_DEBUG_INFO = INCLUDE_SOURCE;
				MTL_FAST_MATH = YES;
				ONLY_ACTIVE_ARCH = YES;
				SDKROOT = iphoneos;
				SWIFT_ACTIVE_COMPILATION_CONDITIONS = DEBUG;
				SWIFT_OPTIMIZATION_LEVEL = "-Onone";
			};
			name = Debug;
		};
		EA8C1D81219CE61D00F4D502 /* Release */ = {
			isa = XCBuildConfiguration;
			buildSettings = {
				ALWAYS_SEARCH_USER_PATHS = NO;
				CLANG_ANALYZER_NONNULL = YES;
				CLANG_ANALYZER_NUMBER_OBJECT_CONVERSION = YES_AGGRESSIVE;
				CLANG_CXX_LANGUAGE_STANDARD = "gnu++14";
				CLANG_CXX_LIBRARY = "libc++";
				CLANG_ENABLE_MODULES = YES;
				CLANG_ENABLE_OBJC_ARC = YES;
				CLANG_ENABLE_OBJC_WEAK = YES;
				CLANG_WARN_BLOCK_CAPTURE_AUTORELEASING = YES;
				CLANG_WARN_BOOL_CONVERSION = YES;
				CLANG_WARN_COMMA = YES;
				CLANG_WARN_CONSTANT_CONVERSION = YES;
				CLANG_WARN_DEPRECATED_OBJC_IMPLEMENTATIONS = YES;
				CLANG_WARN_DIRECT_OBJC_ISA_USAGE = YES_ERROR;
				CLANG_WARN_DOCUMENTATION_COMMENTS = YES;
				CLANG_WARN_EMPTY_BODY = YES;
				CLANG_WARN_ENUM_CONVERSION = YES;
				CLANG_WARN_INFINITE_RECURSION = YES;
				CLANG_WARN_INT_CONVERSION = YES;
				CLANG_WARN_NON_LITERAL_NULL_CONVERSION = YES;
				CLANG_WARN_OBJC_IMPLICIT_RETAIN_SELF = YES;
				CLANG_WARN_OBJC_LITERAL_CONVERSION = YES;
				CLANG_WARN_OBJC_ROOT_CLASS = YES_ERROR;
				CLANG_WARN_RANGE_LOOP_ANALYSIS = YES;
				CLANG_WARN_STRICT_PROTOTYPES = YES;
				CLANG_WARN_SUSPICIOUS_MOVE = YES;
				CLANG_WARN_UNGUARDED_AVAILABILITY = YES_AGGRESSIVE;
				CLANG_WARN_UNREACHABLE_CODE = YES;
				CLANG_WARN__DUPLICATE_METHOD_MATCH = YES;
				CODE_SIGN_IDENTITY = "iPhone Developer";
				COPY_PHASE_STRIP = NO;
				DEBUG_INFORMATION_FORMAT = "dwarf-with-dsym";
				ENABLE_NS_ASSERTIONS = NO;
				ENABLE_STRICT_OBJC_MSGSEND = YES;
				GCC_C_LANGUAGE_STANDARD = gnu11;
				GCC_NO_COMMON_BLOCKS = YES;
				GCC_WARN_64_TO_32_BIT_CONVERSION = YES;
				GCC_WARN_ABOUT_RETURN_TYPE = YES_ERROR;
				GCC_WARN_UNDECLARED_SELECTOR = YES;
				GCC_WARN_UNINITIALIZED_AUTOS = YES_AGGRESSIVE;
				GCC_WARN_UNUSED_FUNCTION = YES;
				GCC_WARN_UNUSED_VARIABLE = YES;
				IPHONEOS_DEPLOYMENT_TARGET = 12.1;
				MTL_ENABLE_DEBUG_INFO = NO;
				MTL_FAST_MATH = YES;
				SDKROOT = iphoneos;
				SWIFT_COMPILATION_MODE = wholemodule;
				SWIFT_OPTIMIZATION_LEVEL = "-O";
				VALIDATE_PRODUCT = YES;
			};
			name = Release;
		};
		EA8C1D83219CE61D00F4D502 /* Debug */ = {
			isa = XCBuildConfiguration;
			buildSettings = {
				ASSETCATALOG_COMPILER_APPICON_NAME = AppIcon;
				CODE_SIGN_STYLE = Automatic;
				DEVELOPMENT_TEAM = CTPJ8YRP37;
				INFOPLIST_FILE = Tricktionary/Info.plist;
				LD_RUNPATH_SEARCH_PATHS = (
					"$(inherited)",
					"@executable_path/Frameworks",
				);
				PRODUCT_BUNDLE_IDENTIFIER = Stovicek.Tricktionary;
				PRODUCT_NAME = "$(TARGET_NAME)";
				SWIFT_VERSION = 4.2;
				TARGETED_DEVICE_FAMILY = "1,2";
			};
			name = Debug;
		};
		EA8C1D84219CE61D00F4D502 /* Release */ = {
			isa = XCBuildConfiguration;
			buildSettings = {
				ASSETCATALOG_COMPILER_APPICON_NAME = AppIcon;
				CODE_SIGN_STYLE = Automatic;
				DEVELOPMENT_TEAM = CTPJ8YRP37;
				INFOPLIST_FILE = Tricktionary/Info.plist;
				LD_RUNPATH_SEARCH_PATHS = (
					"$(inherited)",
					"@executable_path/Frameworks",
				);
				PRODUCT_BUNDLE_IDENTIFIER = Stovicek.Tricktionary;
				PRODUCT_NAME = "$(TARGET_NAME)";
				SWIFT_VERSION = 4.2;
				TARGETED_DEVICE_FAMILY = "1,2";
			};
			name = Release;
		};
		EA8C1D86219CE61D00F4D502 /* Debug */ = {
			isa = XCBuildConfiguration;
			buildSettings = {
				ALWAYS_EMBED_SWIFT_STANDARD_LIBRARIES = YES;
				BUNDLE_LOADER = "$(TEST_HOST)";
				CODE_SIGN_STYLE = Automatic;
				DEVELOPMENT_TEAM = CTPJ8YRP37;
				INFOPLIST_FILE = TricktionaryTests/Info.plist;
				LD_RUNPATH_SEARCH_PATHS = (
					"$(inherited)",
					"@executable_path/Frameworks",
					"@loader_path/Frameworks",
				);
				PRODUCT_BUNDLE_IDENTIFIER = Stovicek.TricktionaryTests;
				PRODUCT_NAME = "$(TARGET_NAME)";
				SWIFT_VERSION = 4.2;
				TARGETED_DEVICE_FAMILY = "1,2";
				TEST_HOST = "$(BUILT_PRODUCTS_DIR)/Tricktionary.app/Tricktionary";
			};
			name = Debug;
		};
		EA8C1D87219CE61D00F4D502 /* Release */ = {
			isa = XCBuildConfiguration;
			buildSettings = {
				ALWAYS_EMBED_SWIFT_STANDARD_LIBRARIES = YES;
				BUNDLE_LOADER = "$(TEST_HOST)";
				CODE_SIGN_STYLE = Automatic;
				DEVELOPMENT_TEAM = CTPJ8YRP37;
				INFOPLIST_FILE = TricktionaryTests/Info.plist;
				LD_RUNPATH_SEARCH_PATHS = (
					"$(inherited)",
					"@executable_path/Frameworks",
					"@loader_path/Frameworks",
				);
				PRODUCT_BUNDLE_IDENTIFIER = Stovicek.TricktionaryTests;
				PRODUCT_NAME = "$(TARGET_NAME)";
				SWIFT_VERSION = 4.2;
				TARGETED_DEVICE_FAMILY = "1,2";
				TEST_HOST = "$(BUILT_PRODUCTS_DIR)/Tricktionary.app/Tricktionary";
			};
			name = Release;
		};
		EA8C1D89219CE61D00F4D502 /* Debug */ = {
			isa = XCBuildConfiguration;
			buildSettings = {
				ALWAYS_EMBED_SWIFT_STANDARD_LIBRARIES = YES;
				CODE_SIGN_STYLE = Automatic;
				DEVELOPMENT_TEAM = CTPJ8YRP37;
				INFOPLIST_FILE = TricktionaryUITests/Info.plist;
				LD_RUNPATH_SEARCH_PATHS = (
					"$(inherited)",
					"@executable_path/Frameworks",
					"@loader_path/Frameworks",
				);
				PRODUCT_BUNDLE_IDENTIFIER = Stovicek.TricktionaryUITests;
				PRODUCT_NAME = "$(TARGET_NAME)";
				SWIFT_VERSION = 4.2;
				TARGETED_DEVICE_FAMILY = "1,2";
				TEST_TARGET_NAME = Tricktionary;
			};
			name = Debug;
		};
		EA8C1D8A219CE61D00F4D502 /* Release */ = {
			isa = XCBuildConfiguration;
			buildSettings = {
				ALWAYS_EMBED_SWIFT_STANDARD_LIBRARIES = YES;
				CODE_SIGN_STYLE = Automatic;
				DEVELOPMENT_TEAM = CTPJ8YRP37;
				INFOPLIST_FILE = TricktionaryUITests/Info.plist;
				LD_RUNPATH_SEARCH_PATHS = (
					"$(inherited)",
					"@executable_path/Frameworks",
					"@loader_path/Frameworks",
				);
				PRODUCT_BUNDLE_IDENTIFIER = Stovicek.TricktionaryUITests;
				PRODUCT_NAME = "$(TARGET_NAME)";
				SWIFT_VERSION = 4.2;
				TARGETED_DEVICE_FAMILY = "1,2";
				TEST_TARGET_NAME = Tricktionary;
			};
			name = Release;
		};
/* End XCBuildConfiguration section */

/* Begin XCConfigurationList section */
		EA8C1D52219CE61C00F4D502 /* Build configuration list for PBXProject "Tricktionary" */ = {
			isa = XCConfigurationList;
			buildConfigurations = (
				EA8C1D80219CE61D00F4D502 /* Debug */,
				EA8C1D81219CE61D00F4D502 /* Release */,
			);
			defaultConfigurationIsVisible = 0;
			defaultConfigurationName = Release;
		};
		EA8C1D82219CE61D00F4D502 /* Build configuration list for PBXNativeTarget "Tricktionary" */ = {
			isa = XCConfigurationList;
			buildConfigurations = (
				EA8C1D83219CE61D00F4D502 /* Debug */,
				EA8C1D84219CE61D00F4D502 /* Release */,
			);
			defaultConfigurationIsVisible = 0;
			defaultConfigurationName = Release;
		};
		EA8C1D85219CE61D00F4D502 /* Build configuration list for PBXNativeTarget "TricktionaryTests" */ = {
			isa = XCConfigurationList;
			buildConfigurations = (
				EA8C1D86219CE61D00F4D502 /* Debug */,
				EA8C1D87219CE61D00F4D502 /* Release */,
			);
			defaultConfigurationIsVisible = 0;
			defaultConfigurationName = Release;
		};
		EA8C1D88219CE61D00F4D502 /* Build configuration list for PBXNativeTarget "TricktionaryUITests" */ = {
			isa = XCConfigurationList;
			buildConfigurations = (
				EA8C1D89219CE61D00F4D502 /* Debug */,
				EA8C1D8A219CE61D00F4D502 /* Release */,
			);
			defaultConfigurationIsVisible = 0;
			defaultConfigurationName = Release;
		};
/* End XCConfigurationList section */

/* Begin XCVersionGroup section */
		EA8C1D61219CE61D00F4D502 /* Tricktionary.xcdatamodeld */ = {
			isa = XCVersionGroup;
			children = (
				EA8C1D62219CE61D00F4D502 /* Tricktionary.xcdatamodel */,
			);
			currentVersion = EA8C1D62219CE61D00F4D502 /* Tricktionary.xcdatamodel */;
			path = Tricktionary.xcdatamodeld;
			sourceTree = "<group>";
			versionGroupType = wrapper.xcdatamodel;
		};
/* End XCVersionGroup section */
	};
	rootObject = EA8C1D4F219CE61C00F4D502 /* Project object */;
}
