// !$*UTF8*$!
{
	archiveVersion = 1;
	classes = {
	};
	objectVersion = 52;
	objects = {

/* Begin PBXBuildFile section */
		1119BF702561D512004D1D89 /* TricksContentManager.swift in Sources */ = {isa = PBXBuildFile; fileRef = 1119BF6F2561D512004D1D89 /* TricksContentManager.swift */; };
		11297F5525B0BEDA0009D0B7 /* SpeedTimerDelegate.swift in Sources */ = {isa = PBXBuildFile; fileRef = 11297F5425B0BEDA0009D0B7 /* SpeedTimerDelegate.swift */; };
		114DB60B23D3CD9300AAEA45 /* TrickSearchVC.swift in Sources */ = {isa = PBXBuildFile; fileRef = 114DB60A23D3CD9300AAEA45 /* TrickSearchVC.swift */; };
		114E58D723E9DE8300D63C80 /* SettingsViewModel.swift in Sources */ = {isa = PBXBuildFile; fileRef = 114E58D623E9DE8300D63C80 /* SettingsViewModel.swift */; };
		115FEACD25AE0B190065384D /* SpeedEventCell.swift in Sources */ = {isa = PBXBuildFile; fileRef = 115FEACC25AE0B190065384D /* SpeedEventCell.swift */; };
		115FEAD225AE13F40065384D /* SpeedListCell.swift in Sources */ = {isa = PBXBuildFile; fileRef = 115FEAD125AE13F40065384D /* SpeedListCell.swift */; };
		117D20FD25BB664200F8C0B0 /* TrickListView.swift in Sources */ = {isa = PBXBuildFile; fileRef = 117D20FC25BB664200F8C0B0 /* TrickListView.swift */; };
		117D210225BB7FB700F8C0B0 /* TabBarView.swift in Sources */ = {isa = PBXBuildFile; fileRef = 117D210125BB7FB700F8C0B0 /* TabBarView.swift */; };
		117D210825BCA86F00F8C0B0 /* TrickCellView.swift in Sources */ = {isa = PBXBuildFile; fileRef = 117D210725BCA86F00F8C0B0 /* TrickCellView.swift */; };
		117D210E25BCB55300F8C0B0 /* LevelHeaderView.swift in Sources */ = {isa = PBXBuildFile; fileRef = 117D210D25BCB55300F8C0B0 /* LevelHeaderView.swift */; };
		11813DF32422AC69001F53E8 /* TrickInfoCell.swift in Sources */ = {isa = PBXBuildFile; fileRef = 11813DF22422AC69001F53E8 /* TrickInfoCell.swift */; };
		118AA55825685D0200CF7464 /* RemoteConfig.swift in Sources */ = {isa = PBXBuildFile; fileRef = 118AA55725685D0200CF7464 /* RemoteConfig.swift */; };
		118D877E232BE550001DFB1F /* ProfileDataSource.swift in Sources */ = {isa = PBXBuildFile; fileRef = 118D877D232BE550001DFB1F /* ProfileDataSource.swift */; };
		118D8780232BE577001DFB1F /* ProfileDelegate.swift in Sources */ = {isa = PBXBuildFile; fileRef = 118D877F232BE577001DFB1F /* ProfileDelegate.swift */; };
		11A59719247935AD006F4F3E /* ViewControllerFactory.swift in Sources */ = {isa = PBXBuildFile; fileRef = 11A59718247935AD006F4F3E /* ViewControllerFactory.swift */; };
		11A6D259241037E90016C55B /* VideoView.swift in Sources */ = {isa = PBXBuildFile; fileRef = 11A6D258241037E90016C55B /* VideoView.swift */; };
		11A892DE232960A3009BCA7B /* ProfileInfo.swift in Sources */ = {isa = PBXBuildFile; fileRef = 11A892DD232960A3009BCA7B /* ProfileInfo.swift */; };
		11AF9DF623527EAD00746773 /* Pods_Tricktionary.framework in Frameworks */ = {isa = PBXBuildFile; fileRef = C1F60BB72BD59E522B363957 /* Pods_Tricktionary.framework */; };
		11AF9DF723527EAD00746773 /* Pods_Tricktionary.framework in Embed Frameworks */ = {isa = PBXBuildFile; fileRef = C1F60BB72BD59E522B363957 /* Pods_Tricktionary.framework */; settings = {ATTRIBUTES = (CodeSignOnCopy, RemoveHeadersOnCopy, ); }; };
		11AFA7EA2559CEFA00856E69 /* FirebaseRemoteConfig in Frameworks */ = {isa = PBXBuildFile; productRef = 11AFA7E92559CEFA00856E69 /* FirebaseRemoteConfig */; };
		11AFA7EC2559CEFA00856E69 /* FirebaseStorage in Frameworks */ = {isa = PBXBuildFile; productRef = 11AFA7EB2559CEFA00856E69 /* FirebaseStorage */; };
		11AFA7EE2559CEFA00856E69 /* FirebaseAuth in Frameworks */ = {isa = PBXBuildFile; productRef = 11AFA7ED2559CEFA00856E69 /* FirebaseAuth */; };
		11AFA7F02559CEFA00856E69 /* FirebaseFirestore in Frameworks */ = {isa = PBXBuildFile; productRef = 11AFA7EF2559CEFA00856E69 /* FirebaseFirestore */; };
		11AFA80E2559D10E00856E69 /* Kingfisher in Frameworks */ = {isa = PBXBuildFile; productRef = 11AFA80D2559D10E00856E69 /* Kingfisher */; };
		11B3ED7523DCF27000ACE06C /* TricksTableSection.swift in Sources */ = {isa = PBXBuildFile; fileRef = 11B3ED7423DCF27000ACE06C /* TricksTableSection.swift */; };
		11B3ED7723DCF28E00ACE06C /* TricksSettingsType.swift in Sources */ = {isa = PBXBuildFile; fileRef = 11B3ED7623DCF28E00ACE06C /* TricksSettingsType.swift */; };
		11E253BA23D486EB00FB6DFA /* SearchCell.swift in Sources */ = {isa = PBXBuildFile; fileRef = 11E253B923D486EB00FB6DFA /* SearchCell.swift */; };
		11EF715F242EBD0C0005B6B8 /* PrerequisiteHeaderView.swift in Sources */ = {isa = PBXBuildFile; fileRef = 11EF715E242EBD0C0005B6B8 /* PrerequisiteHeaderView.swift */; };
		11F7CB3325ACD3290089E5AB /* SpeedTimerDataSource.swift in Sources */ = {isa = PBXBuildFile; fileRef = 11F7CB3225ACD3280089E5AB /* SpeedTimerDataSource.swift */; };
		11FACC5A25AE36F800BD8623 /* UI+Extension.swift in Sources */ = {isa = PBXBuildFile; fileRef = 11FACC5925AE36F800BD8623 /* UI+Extension.swift */; };
		21AE64B71C33C1370ACB4612 /* Pods_TricktionaryTests.framework in Frameworks */ = {isa = PBXBuildFile; fileRef = F2C21046409F446A8239DA7B /* Pods_TricktionaryTests.framework */; };
		75168B5F1A99EFC2DF24650D /* Pods_TricktionaryUITests.framework in Frameworks */ = {isa = PBXBuildFile; fileRef = 4A4F8EFA895F7CF0AEBF0798 /* Pods_TricktionaryUITests.framework */; };
		EA01954921F123BB00A86011 /* SpeedTimerViewController.swift in Sources */ = {isa = PBXBuildFile; fileRef = EA01954821F123BB00A86011 /* SpeedTimerViewController.swift */; };
		EA073DF621FA792A0046799C /* SettingsViewController.swift in Sources */ = {isa = PBXBuildFile; fileRef = EA073DF521FA792A0046799C /* SettingsViewController.swift */; };
		EA073DF921FA83660046799C /* PxUserDefaults.swift in Sources */ = {isa = PBXBuildFile; fileRef = EA073DF821FA83660046799C /* PxUserDefaults.swift */; };
		EA073DFD21FA84080046799C /* SettingsDataSource.swift in Sources */ = {isa = PBXBuildFile; fileRef = EA073DFC21FA84080046799C /* SettingsDataSource.swift */; };
		EA073E0121FA85570046799C /* SwitchCell.swift in Sources */ = {isa = PBXBuildFile; fileRef = EA073E0021FA85570046799C /* SwitchCell.swift */; };
		EA073E0321FA8AFD0046799C /* Color.swift in Sources */ = {isa = PBXBuildFile; fileRef = EA073E0221FA8AFD0046799C /* Color.swift */; };
		EA1A48D521EA78FA0086FC79 /* MenuCell.swift in Sources */ = {isa = PBXBuildFile; fileRef = EA1A48D421EA78FA0086FC79 /* MenuCell.swift */; };
		EA1A48D721EA8BEE0086FC79 /* MenuDelegate.swift in Sources */ = {isa = PBXBuildFile; fileRef = EA1A48D621EA8BEE0086FC79 /* MenuDelegate.swift */; };
		EA1A48D921EA8BFC0086FC79 /* MenuDataSource.swift in Sources */ = {isa = PBXBuildFile; fileRef = EA1A48D821EA8BFC0086FC79 /* MenuDataSource.swift */; };
		EA1A48DC21EAB8C10086FC79 /* Constants.swift in Sources */ = {isa = PBXBuildFile; fileRef = EA1A48DB21EAB8C10086FC79 /* Constants.swift */; };
		EA2C37E0227F6DC100F7ECEE /* ProfileViewController.swift in Sources */ = {isa = PBXBuildFile; fileRef = EA2C37DF227F6DC100F7ECEE /* ProfileViewController.swift */; };
		EA2C37E22283063500F7ECEE /* ProfileViewModel.swift in Sources */ = {isa = PBXBuildFile; fileRef = EA2C37E12283063500F7ECEE /* ProfileViewModel.swift */; };
		EA2C6B1021ED38270090579F /* UserCell.swift in Sources */ = {isa = PBXBuildFile; fileRef = EA2C6B0F21ED38270090579F /* UserCell.swift */; };
		EA37A3B121E696DE0061E44D /* LoginViewController.swift in Sources */ = {isa = PBXBuildFile; fileRef = EA37A3B021E696DE0061E44D /* LoginViewController.swift */; };
		EA3C728A2287584600324576 /* TabBarViewController.swift in Sources */ = {isa = PBXBuildFile; fileRef = EA3C72892287584600324576 /* TabBarViewController.swift */; };
		EA3C728C2287843300324576 /* TypeHeaderView.swift in Sources */ = {isa = PBXBuildFile; fileRef = EA3C728B2287843300324576 /* TypeHeaderView.swift */; };
		EA3C728E2288AB2A00324576 /* TableSection.swift in Sources */ = {isa = PBXBuildFile; fileRef = EA3C728D2288AB2A00324576 /* TableSection.swift */; };
		EA45C47A21F1A7D0009DC1A8 /* SpeedTimes.swift in Sources */ = {isa = PBXBuildFile; fileRef = EA45C47921F1A7D0009DC1A8 /* SpeedTimes.swift */; };
		EA4F823122214F8C001CB1F4 /* SpeedDataDataSource.swift in Sources */ = {isa = PBXBuildFile; fileRef = EA4F823022214F8C001CB1F4 /* SpeedDataDataSource.swift */; };
		EA4F823322214FDD001CB1F4 /* SpeedDataDelegate.swift in Sources */ = {isa = PBXBuildFile; fileRef = EA4F823222214FDD001CB1F4 /* SpeedDataDelegate.swift */; };
		EA4F82362221615B001CB1F4 /* SpeedDataDetailViewController.swift in Sources */ = {isa = PBXBuildFile; fileRef = EA4F82352221615B001CB1F4 /* SpeedDataDetailViewController.swift */; };
		EA4F8238222161A2001CB1F4 /* SpeedDataDetailViewModel.swift in Sources */ = {isa = PBXBuildFile; fileRef = EA4F8237222161A2001CB1F4 /* SpeedDataDetailViewModel.swift */; };
		EA4F823A222172F8001CB1F4 /* SpeedDataDetailDataSource.swift in Sources */ = {isa = PBXBuildFile; fileRef = EA4F8239222172F8001CB1F4 /* SpeedDataDetailDataSource.swift */; };
		EA4F823C2221842E001CB1F4 /* GraphCell.swift in Sources */ = {isa = PBXBuildFile; fileRef = EA4F823B2221842E001CB1F4 /* GraphCell.swift */; };
		EA4F823E2222B9B7001CB1F4 /* SpeedDataDetailDelegate.swift in Sources */ = {isa = PBXBuildFile; fileRef = EA4F823D2222B9B7001CB1F4 /* SpeedDataDetailDelegate.swift */; };
		EA638705222350FF00D23A9C /* DateTimeUtil.swift in Sources */ = {isa = PBXBuildFile; fileRef = EA638704222350FF00D23A9C /* DateTimeUtil.swift */; };
		EA6C93AA219EC91F00FF9BCC /* TrickManager.swift in Sources */ = {isa = PBXBuildFile; fileRef = EA6C93A9219EC91F00FF9BCC /* TrickManager.swift */; };
		EA7AAB2F219E1CD7000858EE /* TrickLevelCell.swift in Sources */ = {isa = PBXBuildFile; fileRef = EA7AAB2E219E1CD7000858EE /* TrickLevelCell.swift */; };
		EA7AAB31219E2138000858EE /* TricksDataSource.swift in Sources */ = {isa = PBXBuildFile; fileRef = EA7AAB30219E2138000858EE /* TricksDataSource.swift */; };
		EA7AAB33219E2160000858EE /* TricksDelegate.swift in Sources */ = {isa = PBXBuildFile; fileRef = EA7AAB32219E2160000858EE /* TricksDelegate.swift */; };
		EA7AAB35219E21B8000858EE /* TricksLevelHeaderCell.swift in Sources */ = {isa = PBXBuildFile; fileRef = EA7AAB34219E21B8000858EE /* TricksLevelHeaderCell.swift */; };
		EA7AAB37219E21FE000858EE /* TricksViewModel.swift in Sources */ = {isa = PBXBuildFile; fileRef = EA7AAB36219E21FE000858EE /* TricksViewModel.swift */; };
		EA7AAB3A219E2257000858EE /* Trick.swift in Sources */ = {isa = PBXBuildFile; fileRef = EA7AAB39219E2257000858EE /* Trick.swift */; };
		EA7F22D4219EDC5600C43599 /* TrickDetailViewController.swift in Sources */ = {isa = PBXBuildFile; fileRef = EA7F22D3219EDC5600C43599 /* TrickDetailViewController.swift */; };
		EA85B515219EDFA200F975A2 /* TrickDetailViewModel.swift in Sources */ = {isa = PBXBuildFile; fileRef = EA85B514219EDFA200F975A2 /* TrickDetailViewModel.swift */; };
		EA8C1D5B219CE61D00F4D502 /* AppDelegate.swift in Sources */ = {isa = PBXBuildFile; fileRef = EA8C1D5A219CE61D00F4D502 /* AppDelegate.swift */; };
		EA8C1D60219CE61D00F4D502 /* Main.storyboard in Resources */ = {isa = PBXBuildFile; fileRef = EA8C1D5E219CE61D00F4D502 /* Main.storyboard */; };
		EA8C1D63219CE61D00F4D502 /* Tricktionary.xcdatamodeld in Sources */ = {isa = PBXBuildFile; fileRef = EA8C1D61219CE61D00F4D502 /* Tricktionary.xcdatamodeld */; };
		EA8C1D65219CE61D00F4D502 /* Assets.xcassets in Resources */ = {isa = PBXBuildFile; fileRef = EA8C1D64219CE61D00F4D502 /* Assets.xcassets */; };
		EA8C1D68219CE61D00F4D502 /* LaunchScreen.storyboard in Resources */ = {isa = PBXBuildFile; fileRef = EA8C1D66219CE61D00F4D502 /* LaunchScreen.storyboard */; };
		EA8C1D73219CE61D00F4D502 /* TricktionaryTests.swift in Sources */ = {isa = PBXBuildFile; fileRef = EA8C1D72219CE61D00F4D502 /* TricktionaryTests.swift */; };
		EA8C1D7E219CE61D00F4D502 /* TricktionaryUITests.swift in Sources */ = {isa = PBXBuildFile; fileRef = EA8C1D7D219CE61D00F4D502 /* TricktionaryUITests.swift */; };
		EA8C1D90219CEA8A00F4D502 /* GoogleService-Info.plist in Resources */ = {isa = PBXBuildFile; fileRef = EA8C1D8F219CEA8A00F4D502 /* GoogleService-Info.plist */; };
		EAA4EE4B2205E08F003347D6 /* LoginViewModel.swift in Sources */ = {isa = PBXBuildFile; fileRef = EAA4EE4A2205E08F003347D6 /* LoginViewModel.swift */; };
		EAACBCDC21D02E83007AEDFE /* VideoCell.swift in Sources */ = {isa = PBXBuildFile; fileRef = EAACBCDB21D02E83007AEDFE /* VideoCell.swift */; };
		EAACBCDE21D034FC007AEDFE /* TrickDetailDataSource.swift in Sources */ = {isa = PBXBuildFile; fileRef = EAACBCDD21D034FC007AEDFE /* TrickDetailDataSource.swift */; };
		EAACBCE021D0365E007AEDFE /* TrickDetailDelegate.swift in Sources */ = {isa = PBXBuildFile; fileRef = EAACBCDF21D0365E007AEDFE /* TrickDetailDelegate.swift */; };
		EAACBCE221D04B3B007AEDFE /* InformationCell.swift in Sources */ = {isa = PBXBuildFile; fileRef = EAACBCE121D04B3B007AEDFE /* InformationCell.swift */; };
		EAACBCE421D04C3E007AEDFE /* DescriptionCell.swift in Sources */ = {isa = PBXBuildFile; fileRef = EAACBCE321D04C3E007AEDFE /* DescriptionCell.swift */; };
		EAB08154221EFFB20030AAF1 /* SpeedManager.swift in Sources */ = {isa = PBXBuildFile; fileRef = EAB08153221EFFB20030AAF1 /* SpeedManager.swift */; };
		EAB08158221F3CFD0030AAF1 /* SpeedDataViewController.swift in Sources */ = {isa = PBXBuildFile; fileRef = EAB08157221F3CFD0030AAF1 /* SpeedDataViewController.swift */; };
		EAB1517D22209D720006B0FB /* Speed.swift in Sources */ = {isa = PBXBuildFile; fileRef = EAB1517C22209D720006B0FB /* Speed.swift */; };
		EAB1517F2220A4270006B0FB /* SpeedDataViewModel.swift in Sources */ = {isa = PBXBuildFile; fileRef = EAB1517E2220A4270006B0FB /* SpeedDataViewModel.swift */; };
		EABA88662253ADB300D27F64 /* SubmitViewController.swift in Sources */ = {isa = PBXBuildFile; fileRef = EABA88652253ADB300D27F64 /* SubmitViewController.swift */; };
		EABCC85F224D8A8A00ED3B90 /* BaseCenterViewController.swift in Sources */ = {isa = PBXBuildFile; fileRef = EABCC85E224D8A8A00ED3B90 /* BaseCenterViewController.swift */; };
		EAC23ABE219D8F700086D9E2 /* TricksViewController.swift in Sources */ = {isa = PBXBuildFile; fileRef = EAC23ABD219D8F700086D9E2 /* TricksViewController.swift */; };
		EACAFF3522594B9200FF0202 /* AsociationPickerDataSource.swift in Sources */ = {isa = PBXBuildFile; fileRef = EACAFF3422594B9200FF0202 /* AsociationPickerDataSource.swift */; };
		EACF594621E7EAF40037FE2B /* MenuViewController.swift in Sources */ = {isa = PBXBuildFile; fileRef = EACF594521E7EAF40037FE2B /* MenuViewController.swift */; };
		EACF63DC21EE961B00D7D836 /* LoginView.swift in Sources */ = {isa = PBXBuildFile; fileRef = EACF63DB21EE961B00D7D836 /* LoginView.swift */; };
		EACF63DE21EE962A00D7D836 /* RegistrationView.swift in Sources */ = {isa = PBXBuildFile; fileRef = EACF63DD21EE962A00D7D836 /* RegistrationView.swift */; };
		EACF63E121EE967700D7D836 /* IconTextField.swift in Sources */ = {isa = PBXBuildFile; fileRef = EACF63E021EE967700D7D836 /* IconTextField.swift */; };
		EACF63E321EE96F500D7D836 /* GradientButton.swift in Sources */ = {isa = PBXBuildFile; fileRef = EACF63E221EE96F500D7D836 /* GradientButton.swift */; };
		EAD3D73A21F8FE9F00F39A22 /* SpeachUtil.swift in Sources */ = {isa = PBXBuildFile; fileRef = EAD3D73921F8FE9F00F39A22 /* SpeachUtil.swift */; };
		EAD3D74021F9187500F39A22 /* SpeedEvents.swift in Sources */ = {isa = PBXBuildFile; fileRef = EAD3D73F21F9187500F39A22 /* SpeedEvents.swift */; };
		EAE566C722F4AADE0077EC5D /* UserManager.swift in Sources */ = {isa = PBXBuildFile; fileRef = EAE566C622F4AADE0077EC5D /* UserManager.swift */; };
		EAE6E1CC21F3DE560033D918 /* Picker.swift in Sources */ = {isa = PBXBuildFile; fileRef = EAE6E1CB21F3DE560033D918 /* Picker.swift */; };
		EAE6E1CE21F3E9C50033D918 /* SpeedTimerViewModel.swift in Sources */ = {isa = PBXBuildFile; fileRef = EAE6E1CD21F3E9C50033D918 /* SpeedTimerViewModel.swift */; };
		EAE6E1D121F3F1F20033D918 /* ControllView.swift in Sources */ = {isa = PBXBuildFile; fileRef = EAE6E1D021F3F1F20033D918 /* ControllView.swift */; };
		EAEFA2E3225D3CCB00F0822C /* VideoMetadata.swift in Sources */ = {isa = PBXBuildFile; fileRef = EAEFA2E2225D3CCB00F0822C /* VideoMetadata.swift */; };
		EAF8CB8F21EFE0CE00684288 /* BaseCell.swift in Sources */ = {isa = PBXBuildFile; fileRef = EAF8CB8E21EFE0CE00684288 /* BaseCell.swift */; };
		EAF9B499225A7894001AB242 /* SubmitViewModel.swift in Sources */ = {isa = PBXBuildFile; fileRef = EAF9B498225A7894001AB242 /* SubmitViewModel.swift */; };
		EAF9B49B225A78D1001AB242 /* VideoStorageManager.swift in Sources */ = {isa = PBXBuildFile; fileRef = EAF9B49A225A78D1001AB242 /* VideoStorageManager.swift */; };
		EAF9F27C222DBAF200237EDF /* BaseViewController.swift in Sources */ = {isa = PBXBuildFile; fileRef = EAF9F27B222DBAF200237EDF /* BaseViewController.swift */; };
/* End PBXBuildFile section */

/* Begin PBXContainerItemProxy section */
		EA8C1D6F219CE61D00F4D502 /* PBXContainerItemProxy */ = {
			isa = PBXContainerItemProxy;
			containerPortal = EA8C1D4F219CE61C00F4D502 /* Project object */;
			proxyType = 1;
			remoteGlobalIDString = EA8C1D56219CE61C00F4D502;
			remoteInfo = Tricktionary;
		};
		EA8C1D7A219CE61D00F4D502 /* PBXContainerItemProxy */ = {
			isa = PBXContainerItemProxy;
			containerPortal = EA8C1D4F219CE61C00F4D502 /* Project object */;
			proxyType = 1;
			remoteGlobalIDString = EA8C1D56219CE61C00F4D502;
			remoteInfo = Tricktionary;
		};
/* End PBXContainerItemProxy section */

/* Begin PBXCopyFilesBuildPhase section */
		11AF9DF823527EAD00746773 /* Embed Frameworks */ = {
			isa = PBXCopyFilesBuildPhase;
			buildActionMask = 2147483647;
			dstPath = "";
			dstSubfolderSpec = 10;
			files = (
				11AF9DF723527EAD00746773 /* Pods_Tricktionary.framework in Embed Frameworks */,
			);
			name = "Embed Frameworks";
			runOnlyForDeploymentPostprocessing = 0;
		};
/* End PBXCopyFilesBuildPhase section */

/* Begin PBXFileReference section */
		0E842B02D5F0CAD2F4D519AD /* Pods-TricktionaryTests.debug.xcconfig */ = {isa = PBXFileReference; includeInIndex = 1; lastKnownFileType = text.xcconfig; name = "Pods-TricktionaryTests.debug.xcconfig"; path = "Pods/Target Support Files/Pods-TricktionaryTests/Pods-TricktionaryTests.debug.xcconfig"; sourceTree = "<group>"; };
		1119BF6F2561D512004D1D89 /* TricksContentManager.swift */ = {isa = PBXFileReference; lastKnownFileType = sourcecode.swift; path = TricksContentManager.swift; sourceTree = "<group>"; };
		11297F5425B0BEDA0009D0B7 /* SpeedTimerDelegate.swift */ = {isa = PBXFileReference; lastKnownFileType = sourcecode.swift; path = SpeedTimerDelegate.swift; sourceTree = "<group>"; };
		114DB60A23D3CD9300AAEA45 /* TrickSearchVC.swift */ = {isa = PBXFileReference; lastKnownFileType = sourcecode.swift; path = TrickSearchVC.swift; sourceTree = "<group>"; };
		114E58D623E9DE8300D63C80 /* SettingsViewModel.swift */ = {isa = PBXFileReference; lastKnownFileType = sourcecode.swift; path = SettingsViewModel.swift; sourceTree = "<group>"; };
		115FEACC25AE0B190065384D /* SpeedEventCell.swift */ = {isa = PBXFileReference; lastKnownFileType = sourcecode.swift; path = SpeedEventCell.swift; sourceTree = "<group>"; };
		115FEAD125AE13F40065384D /* SpeedListCell.swift */ = {isa = PBXFileReference; lastKnownFileType = sourcecode.swift; path = SpeedListCell.swift; sourceTree = "<group>"; };
		117D20FC25BB664200F8C0B0 /* TrickListView.swift */ = {isa = PBXFileReference; lastKnownFileType = sourcecode.swift; path = TrickListView.swift; sourceTree = "<group>"; };
		117D210125BB7FB700F8C0B0 /* TabBarView.swift */ = {isa = PBXFileReference; lastKnownFileType = sourcecode.swift; path = TabBarView.swift; sourceTree = "<group>"; };
		117D210725BCA86F00F8C0B0 /* TrickCellView.swift */ = {isa = PBXFileReference; lastKnownFileType = sourcecode.swift; path = TrickCellView.swift; sourceTree = "<group>"; };
		117D210D25BCB55300F8C0B0 /* LevelHeaderView.swift */ = {isa = PBXFileReference; lastKnownFileType = sourcecode.swift; path = LevelHeaderView.swift; sourceTree = "<group>"; };
		11813DF22422AC69001F53E8 /* TrickInfoCell.swift */ = {isa = PBXFileReference; lastKnownFileType = sourcecode.swift; path = TrickInfoCell.swift; sourceTree = "<group>"; };
		118AA55725685D0200CF7464 /* RemoteConfig.swift */ = {isa = PBXFileReference; lastKnownFileType = sourcecode.swift; path = RemoteConfig.swift; sourceTree = "<group>"; };
		118D877D232BE550001DFB1F /* ProfileDataSource.swift */ = {isa = PBXFileReference; lastKnownFileType = sourcecode.swift; path = ProfileDataSource.swift; sourceTree = "<group>"; };
		118D877F232BE577001DFB1F /* ProfileDelegate.swift */ = {isa = PBXFileReference; lastKnownFileType = sourcecode.swift; path = ProfileDelegate.swift; sourceTree = "<group>"; };
		11A59718247935AD006F4F3E /* ViewControllerFactory.swift */ = {isa = PBXFileReference; lastKnownFileType = sourcecode.swift; path = ViewControllerFactory.swift; sourceTree = "<group>"; };
		11A6D258241037E90016C55B /* VideoView.swift */ = {isa = PBXFileReference; lastKnownFileType = sourcecode.swift; path = VideoView.swift; sourceTree = "<group>"; };
		11A892DD232960A3009BCA7B /* ProfileInfo.swift */ = {isa = PBXFileReference; lastKnownFileType = sourcecode.swift; path = ProfileInfo.swift; sourceTree = "<group>"; };
		11AF9DF5235277C400746773 /* Tricktionary.entitlements */ = {isa = PBXFileReference; lastKnownFileType = text.plist.entitlements; path = Tricktionary.entitlements; sourceTree = "<group>"; };
		11B3ED7423DCF27000ACE06C /* TricksTableSection.swift */ = {isa = PBXFileReference; lastKnownFileType = sourcecode.swift; path = TricksTableSection.swift; sourceTree = "<group>"; };
		11B3ED7623DCF28E00ACE06C /* TricksSettingsType.swift */ = {isa = PBXFileReference; lastKnownFileType = sourcecode.swift; path = TricksSettingsType.swift; sourceTree = "<group>"; };
		11E253B923D486EB00FB6DFA /* SearchCell.swift */ = {isa = PBXFileReference; lastKnownFileType = sourcecode.swift; path = SearchCell.swift; sourceTree = "<group>"; };
		11EF715E242EBD0C0005B6B8 /* PrerequisiteHeaderView.swift */ = {isa = PBXFileReference; lastKnownFileType = sourcecode.swift; path = PrerequisiteHeaderView.swift; sourceTree = "<group>"; };
		11F7CB3225ACD3280089E5AB /* SpeedTimerDataSource.swift */ = {isa = PBXFileReference; lastKnownFileType = sourcecode.swift; path = SpeedTimerDataSource.swift; sourceTree = "<group>"; };
		11FACC5925AE36F800BD8623 /* UI+Extension.swift */ = {isa = PBXFileReference; lastKnownFileType = sourcecode.swift; path = "UI+Extension.swift"; sourceTree = "<group>"; };
		43F91D7EECE300294FAA4D49 /* Pods-TricktionaryUITests.debug.xcconfig */ = {isa = PBXFileReference; includeInIndex = 1; lastKnownFileType = text.xcconfig; name = "Pods-TricktionaryUITests.debug.xcconfig"; path = "Pods/Target Support Files/Pods-TricktionaryUITests/Pods-TricktionaryUITests.debug.xcconfig"; sourceTree = "<group>"; };
		4A4F8EFA895F7CF0AEBF0798 /* Pods_TricktionaryUITests.framework */ = {isa = PBXFileReference; explicitFileType = wrapper.framework; includeInIndex = 0; path = Pods_TricktionaryUITests.framework; sourceTree = BUILT_PRODUCTS_DIR; };
		816C0EF71CF545E72478D1B9 /* Pods-TricktionaryTests.release.xcconfig */ = {isa = PBXFileReference; includeInIndex = 1; lastKnownFileType = text.xcconfig; name = "Pods-TricktionaryTests.release.xcconfig"; path = "Pods/Target Support Files/Pods-TricktionaryTests/Pods-TricktionaryTests.release.xcconfig"; sourceTree = "<group>"; };
		909CBED8E578B216E2884985 /* Pods-Tricktionary.release.xcconfig */ = {isa = PBXFileReference; includeInIndex = 1; lastKnownFileType = text.xcconfig; name = "Pods-Tricktionary.release.xcconfig"; path = "Pods/Target Support Files/Pods-Tricktionary/Pods-Tricktionary.release.xcconfig"; sourceTree = "<group>"; };
		9170FE651B247F1DC367109D /* Pods-Tricktionary.debug.xcconfig */ = {isa = PBXFileReference; includeInIndex = 1; lastKnownFileType = text.xcconfig; name = "Pods-Tricktionary.debug.xcconfig"; path = "Pods/Target Support Files/Pods-Tricktionary/Pods-Tricktionary.debug.xcconfig"; sourceTree = "<group>"; };
		B5B3396B1EE7E1116033D700 /* Pods-TricktionaryUITests.release.xcconfig */ = {isa = PBXFileReference; includeInIndex = 1; lastKnownFileType = text.xcconfig; name = "Pods-TricktionaryUITests.release.xcconfig"; path = "Pods/Target Support Files/Pods-TricktionaryUITests/Pods-TricktionaryUITests.release.xcconfig"; sourceTree = "<group>"; };
		C1F60BB72BD59E522B363957 /* Pods_Tricktionary.framework */ = {isa = PBXFileReference; explicitFileType = wrapper.framework; includeInIndex = 0; path = Pods_Tricktionary.framework; sourceTree = BUILT_PRODUCTS_DIR; };
		EA01954821F123BB00A86011 /* SpeedTimerViewController.swift */ = {isa = PBXFileReference; lastKnownFileType = sourcecode.swift; path = SpeedTimerViewController.swift; sourceTree = "<group>"; };
		EA073DF521FA792A0046799C /* SettingsViewController.swift */ = {isa = PBXFileReference; lastKnownFileType = sourcecode.swift; path = SettingsViewController.swift; sourceTree = "<group>"; };
		EA073DF821FA83660046799C /* PxUserDefaults.swift */ = {isa = PBXFileReference; lastKnownFileType = sourcecode.swift; path = PxUserDefaults.swift; sourceTree = "<group>"; };
		EA073DFC21FA84080046799C /* SettingsDataSource.swift */ = {isa = PBXFileReference; lastKnownFileType = sourcecode.swift; path = SettingsDataSource.swift; sourceTree = "<group>"; };
		EA073E0021FA85570046799C /* SwitchCell.swift */ = {isa = PBXFileReference; lastKnownFileType = sourcecode.swift; path = SwitchCell.swift; sourceTree = "<group>"; };
		EA073E0221FA8AFD0046799C /* Color.swift */ = {isa = PBXFileReference; lastKnownFileType = sourcecode.swift; path = Color.swift; sourceTree = "<group>"; };
		EA1A48D421EA78FA0086FC79 /* MenuCell.swift */ = {isa = PBXFileReference; lastKnownFileType = sourcecode.swift; path = MenuCell.swift; sourceTree = "<group>"; };
		EA1A48D621EA8BEE0086FC79 /* MenuDelegate.swift */ = {isa = PBXFileReference; lastKnownFileType = sourcecode.swift; name = MenuDelegate.swift; path = Panel/MenuDelegate.swift; sourceTree = "<group>"; };
		EA1A48D821EA8BFC0086FC79 /* MenuDataSource.swift */ = {isa = PBXFileReference; lastKnownFileType = sourcecode.swift; name = MenuDataSource.swift; path = Panel/MenuDataSource.swift; sourceTree = "<group>"; };
		EA1A48DB21EAB8C10086FC79 /* Constants.swift */ = {isa = PBXFileReference; lastKnownFileType = sourcecode.swift; path = Constants.swift; sourceTree = "<group>"; };
		EA2C37DF227F6DC100F7ECEE /* ProfileViewController.swift */ = {isa = PBXFileReference; lastKnownFileType = sourcecode.swift; path = ProfileViewController.swift; sourceTree = "<group>"; };
		EA2C37E12283063500F7ECEE /* ProfileViewModel.swift */ = {isa = PBXFileReference; lastKnownFileType = sourcecode.swift; path = ProfileViewModel.swift; sourceTree = "<group>"; };
		EA2C6B0F21ED38270090579F /* UserCell.swift */ = {isa = PBXFileReference; lastKnownFileType = sourcecode.swift; path = UserCell.swift; sourceTree = "<group>"; };
		EA37A3B021E696DE0061E44D /* LoginViewController.swift */ = {isa = PBXFileReference; lastKnownFileType = sourcecode.swift; path = LoginViewController.swift; sourceTree = "<group>"; };
		EA3C72892287584600324576 /* TabBarViewController.swift */ = {isa = PBXFileReference; lastKnownFileType = sourcecode.swift; path = TabBarViewController.swift; sourceTree = "<group>"; };
		EA3C728B2287843300324576 /* TypeHeaderView.swift */ = {isa = PBXFileReference; lastKnownFileType = sourcecode.swift; path = TypeHeaderView.swift; sourceTree = "<group>"; };
		EA3C728D2288AB2A00324576 /* TableSection.swift */ = {isa = PBXFileReference; lastKnownFileType = sourcecode.swift; path = TableSection.swift; sourceTree = "<group>"; };
		EA45C47921F1A7D0009DC1A8 /* SpeedTimes.swift */ = {isa = PBXFileReference; lastKnownFileType = sourcecode.swift; path = SpeedTimes.swift; sourceTree = "<group>"; };
		EA4F823022214F8C001CB1F4 /* SpeedDataDataSource.swift */ = {isa = PBXFileReference; lastKnownFileType = sourcecode.swift; path = SpeedDataDataSource.swift; sourceTree = "<group>"; };
		EA4F823222214FDD001CB1F4 /* SpeedDataDelegate.swift */ = {isa = PBXFileReference; lastKnownFileType = sourcecode.swift; path = SpeedDataDelegate.swift; sourceTree = "<group>"; };
		EA4F82352221615B001CB1F4 /* SpeedDataDetailViewController.swift */ = {isa = PBXFileReference; lastKnownFileType = sourcecode.swift; path = SpeedDataDetailViewController.swift; sourceTree = "<group>"; };
		EA4F8237222161A2001CB1F4 /* SpeedDataDetailViewModel.swift */ = {isa = PBXFileReference; lastKnownFileType = sourcecode.swift; path = SpeedDataDetailViewModel.swift; sourceTree = "<group>"; };
		EA4F8239222172F8001CB1F4 /* SpeedDataDetailDataSource.swift */ = {isa = PBXFileReference; lastKnownFileType = sourcecode.swift; path = SpeedDataDetailDataSource.swift; sourceTree = "<group>"; };
		EA4F823B2221842E001CB1F4 /* GraphCell.swift */ = {isa = PBXFileReference; lastKnownFileType = sourcecode.swift; path = GraphCell.swift; sourceTree = "<group>"; };
		EA4F823D2222B9B7001CB1F4 /* SpeedDataDetailDelegate.swift */ = {isa = PBXFileReference; lastKnownFileType = sourcecode.swift; path = SpeedDataDetailDelegate.swift; sourceTree = "<group>"; };
		EA638704222350FF00D23A9C /* DateTimeUtil.swift */ = {isa = PBXFileReference; lastKnownFileType = sourcecode.swift; path = DateTimeUtil.swift; sourceTree = "<group>"; };
		EA6C93A9219EC91F00FF9BCC /* TrickManager.swift */ = {isa = PBXFileReference; lastKnownFileType = sourcecode.swift; path = TrickManager.swift; sourceTree = "<group>"; };
		EA7AAB2E219E1CD7000858EE /* TrickLevelCell.swift */ = {isa = PBXFileReference; lastKnownFileType = sourcecode.swift; path = TrickLevelCell.swift; sourceTree = "<group>"; };
		EA7AAB30219E2138000858EE /* TricksDataSource.swift */ = {isa = PBXFileReference; lastKnownFileType = sourcecode.swift; path = TricksDataSource.swift; sourceTree = "<group>"; };
		EA7AAB32219E2160000858EE /* TricksDelegate.swift */ = {isa = PBXFileReference; lastKnownFileType = sourcecode.swift; path = TricksDelegate.swift; sourceTree = "<group>"; };
		EA7AAB34219E21B8000858EE /* TricksLevelHeaderCell.swift */ = {isa = PBXFileReference; lastKnownFileType = sourcecode.swift; path = TricksLevelHeaderCell.swift; sourceTree = "<group>"; };
		EA7AAB36219E21FE000858EE /* TricksViewModel.swift */ = {isa = PBXFileReference; lastKnownFileType = sourcecode.swift; path = TricksViewModel.swift; sourceTree = "<group>"; };
		EA7AAB39219E2257000858EE /* Trick.swift */ = {isa = PBXFileReference; lastKnownFileType = sourcecode.swift; path = Trick.swift; sourceTree = "<group>"; };
		EA7F22D3219EDC5600C43599 /* TrickDetailViewController.swift */ = {isa = PBXFileReference; lastKnownFileType = sourcecode.swift; path = TrickDetailViewController.swift; sourceTree = "<group>"; };
		EA85B514219EDFA200F975A2 /* TrickDetailViewModel.swift */ = {isa = PBXFileReference; lastKnownFileType = sourcecode.swift; path = TrickDetailViewModel.swift; sourceTree = "<group>"; };
		EA8C1D57219CE61D00F4D502 /* Tricktionary.app */ = {isa = PBXFileReference; explicitFileType = wrapper.application; includeInIndex = 0; path = Tricktionary.app; sourceTree = BUILT_PRODUCTS_DIR; };
		EA8C1D5A219CE61D00F4D502 /* AppDelegate.swift */ = {isa = PBXFileReference; lastKnownFileType = sourcecode.swift; path = AppDelegate.swift; sourceTree = "<group>"; };
		EA8C1D5F219CE61D00F4D502 /* Base */ = {isa = PBXFileReference; lastKnownFileType = file.storyboard; name = Base; path = Base.lproj/Main.storyboard; sourceTree = "<group>"; };
		EA8C1D62219CE61D00F4D502 /* Tricktionary.xcdatamodel */ = {isa = PBXFileReference; lastKnownFileType = wrapper.xcdatamodel; path = Tricktionary.xcdatamodel; sourceTree = "<group>"; };
		EA8C1D64219CE61D00F4D502 /* Assets.xcassets */ = {isa = PBXFileReference; lastKnownFileType = folder.assetcatalog; path = Assets.xcassets; sourceTree = "<group>"; };
		EA8C1D67219CE61D00F4D502 /* Base */ = {isa = PBXFileReference; lastKnownFileType = file.storyboard; name = Base; path = Base.lproj/LaunchScreen.storyboard; sourceTree = "<group>"; };
		EA8C1D69219CE61D00F4D502 /* Info.plist */ = {isa = PBXFileReference; lastKnownFileType = text.plist.xml; path = Info.plist; sourceTree = "<group>"; };
		EA8C1D6E219CE61D00F4D502 /* TricktionaryTests.xctest */ = {isa = PBXFileReference; explicitFileType = wrapper.cfbundle; includeInIndex = 0; path = TricktionaryTests.xctest; sourceTree = BUILT_PRODUCTS_DIR; };
		EA8C1D72219CE61D00F4D502 /* TricktionaryTests.swift */ = {isa = PBXFileReference; lastKnownFileType = sourcecode.swift; path = TricktionaryTests.swift; sourceTree = "<group>"; };
		EA8C1D74219CE61D00F4D502 /* Info.plist */ = {isa = PBXFileReference; lastKnownFileType = text.plist.xml; path = Info.plist; sourceTree = "<group>"; };
		EA8C1D79219CE61D00F4D502 /* TricktionaryUITests.xctest */ = {isa = PBXFileReference; explicitFileType = wrapper.cfbundle; includeInIndex = 0; path = TricktionaryUITests.xctest; sourceTree = BUILT_PRODUCTS_DIR; };
		EA8C1D7D219CE61D00F4D502 /* TricktionaryUITests.swift */ = {isa = PBXFileReference; lastKnownFileType = sourcecode.swift; path = TricktionaryUITests.swift; sourceTree = "<group>"; };
		EA8C1D7F219CE61D00F4D502 /* Info.plist */ = {isa = PBXFileReference; lastKnownFileType = text.plist.xml; path = Info.plist; sourceTree = "<group>"; };
		EA8C1D8F219CEA8A00F4D502 /* GoogleService-Info.plist */ = {isa = PBXFileReference; fileEncoding = 4; lastKnownFileType = text.plist.xml; path = "GoogleService-Info.plist"; sourceTree = "<group>"; };
		EAA4EE4A2205E08F003347D6 /* LoginViewModel.swift */ = {isa = PBXFileReference; lastKnownFileType = sourcecode.swift; path = LoginViewModel.swift; sourceTree = "<group>"; };
		EAACBCDB21D02E83007AEDFE /* VideoCell.swift */ = {isa = PBXFileReference; lastKnownFileType = sourcecode.swift; path = VideoCell.swift; sourceTree = "<group>"; };
		EAACBCDD21D034FC007AEDFE /* TrickDetailDataSource.swift */ = {isa = PBXFileReference; lastKnownFileType = sourcecode.swift; path = TrickDetailDataSource.swift; sourceTree = "<group>"; };
		EAACBCDF21D0365E007AEDFE /* TrickDetailDelegate.swift */ = {isa = PBXFileReference; lastKnownFileType = sourcecode.swift; path = TrickDetailDelegate.swift; sourceTree = "<group>"; };
		EAACBCE121D04B3B007AEDFE /* InformationCell.swift */ = {isa = PBXFileReference; lastKnownFileType = sourcecode.swift; path = InformationCell.swift; sourceTree = "<group>"; };
		EAACBCE321D04C3E007AEDFE /* DescriptionCell.swift */ = {isa = PBXFileReference; lastKnownFileType = sourcecode.swift; path = DescriptionCell.swift; sourceTree = "<group>"; };
		EAB08153221EFFB20030AAF1 /* SpeedManager.swift */ = {isa = PBXFileReference; lastKnownFileType = sourcecode.swift; path = SpeedManager.swift; sourceTree = "<group>"; };
		EAB08157221F3CFD0030AAF1 /* SpeedDataViewController.swift */ = {isa = PBXFileReference; lastKnownFileType = sourcecode.swift; path = SpeedDataViewController.swift; sourceTree = "<group>"; };
		EAB1517C22209D720006B0FB /* Speed.swift */ = {isa = PBXFileReference; lastKnownFileType = sourcecode.swift; path = Speed.swift; sourceTree = "<group>"; };
		EAB1517E2220A4270006B0FB /* SpeedDataViewModel.swift */ = {isa = PBXFileReference; lastKnownFileType = sourcecode.swift; path = SpeedDataViewModel.swift; sourceTree = "<group>"; };
		EABA88652253ADB300D27F64 /* SubmitViewController.swift */ = {isa = PBXFileReference; lastKnownFileType = sourcecode.swift; path = SubmitViewController.swift; sourceTree = "<group>"; };
		EABCC85E224D8A8A00ED3B90 /* BaseCenterViewController.swift */ = {isa = PBXFileReference; lastKnownFileType = sourcecode.swift; path = BaseCenterViewController.swift; sourceTree = "<group>"; };
		EAC23ABD219D8F700086D9E2 /* TricksViewController.swift */ = {isa = PBXFileReference; lastKnownFileType = sourcecode.swift; path = TricksViewController.swift; sourceTree = "<group>"; };
		EACAFF3422594B9200FF0202 /* AsociationPickerDataSource.swift */ = {isa = PBXFileReference; lastKnownFileType = sourcecode.swift; path = AsociationPickerDataSource.swift; sourceTree = "<group>"; };
		EACF594521E7EAF40037FE2B /* MenuViewController.swift */ = {isa = PBXFileReference; lastKnownFileType = sourcecode.swift; path = MenuViewController.swift; sourceTree = "<group>"; };
		EACF63DB21EE961B00D7D836 /* LoginView.swift */ = {isa = PBXFileReference; lastKnownFileType = sourcecode.swift; path = LoginView.swift; sourceTree = "<group>"; };
		EACF63DD21EE962A00D7D836 /* RegistrationView.swift */ = {isa = PBXFileReference; lastKnownFileType = sourcecode.swift; path = RegistrationView.swift; sourceTree = "<group>"; };
		EACF63E021EE967700D7D836 /* IconTextField.swift */ = {isa = PBXFileReference; lastKnownFileType = sourcecode.swift; path = IconTextField.swift; sourceTree = "<group>"; };
		EACF63E221EE96F500D7D836 /* GradientButton.swift */ = {isa = PBXFileReference; lastKnownFileType = sourcecode.swift; path = GradientButton.swift; sourceTree = "<group>"; };
		EAD3D73921F8FE9F00F39A22 /* SpeachUtil.swift */ = {isa = PBXFileReference; lastKnownFileType = sourcecode.swift; path = SpeachUtil.swift; sourceTree = "<group>"; };
		EAD3D73F21F9187500F39A22 /* SpeedEvents.swift */ = {isa = PBXFileReference; lastKnownFileType = sourcecode.swift; path = SpeedEvents.swift; sourceTree = "<group>"; };
		EAD3D74521F922A400F39A22 /* beep.m4a */ = {isa = PBXFileReference; lastKnownFileType = file; path = beep.m4a; sourceTree = "<group>"; };
		EAE566C622F4AADE0077EC5D /* UserManager.swift */ = {isa = PBXFileReference; lastKnownFileType = sourcecode.swift; path = UserManager.swift; sourceTree = "<group>"; };
		EAE6E1CB21F3DE560033D918 /* Picker.swift */ = {isa = PBXFileReference; lastKnownFileType = sourcecode.swift; path = Picker.swift; sourceTree = "<group>"; };
		EAE6E1CD21F3E9C50033D918 /* SpeedTimerViewModel.swift */ = {isa = PBXFileReference; lastKnownFileType = sourcecode.swift; path = SpeedTimerViewModel.swift; sourceTree = "<group>"; };
		EAE6E1D021F3F1F20033D918 /* ControllView.swift */ = {isa = PBXFileReference; lastKnownFileType = sourcecode.swift; path = ControllView.swift; sourceTree = "<group>"; };
		EAEFA2E2225D3CCB00F0822C /* VideoMetadata.swift */ = {isa = PBXFileReference; lastKnownFileType = sourcecode.swift; path = VideoMetadata.swift; sourceTree = "<group>"; };
		EAF8CB8E21EFE0CE00684288 /* BaseCell.swift */ = {isa = PBXFileReference; lastKnownFileType = sourcecode.swift; path = BaseCell.swift; sourceTree = "<group>"; };
		EAF9B498225A7894001AB242 /* SubmitViewModel.swift */ = {isa = PBXFileReference; lastKnownFileType = sourcecode.swift; path = SubmitViewModel.swift; sourceTree = "<group>"; };
		EAF9B49A225A78D1001AB242 /* VideoStorageManager.swift */ = {isa = PBXFileReference; lastKnownFileType = sourcecode.swift; path = VideoStorageManager.swift; sourceTree = "<group>"; };
		EAF9F27B222DBAF200237EDF /* BaseViewController.swift */ = {isa = PBXFileReference; lastKnownFileType = sourcecode.swift; path = BaseViewController.swift; sourceTree = "<group>"; };
		F2C21046409F446A8239DA7B /* Pods_TricktionaryTests.framework */ = {isa = PBXFileReference; explicitFileType = wrapper.framework; includeInIndex = 0; path = Pods_TricktionaryTests.framework; sourceTree = BUILT_PRODUCTS_DIR; };
/* End PBXFileReference section */

/* Begin PBXFrameworksBuildPhase section */
		EA8C1D54219CE61C00F4D502 /* Frameworks */ = {
			isa = PBXFrameworksBuildPhase;
			buildActionMask = 2147483647;
			files = (
				11AFA80E2559D10E00856E69 /* Kingfisher in Frameworks */,
				11AF9DF623527EAD00746773 /* Pods_Tricktionary.framework in Frameworks */,
				11AFA7EA2559CEFA00856E69 /* FirebaseRemoteConfig in Frameworks */,
				11AFA7EC2559CEFA00856E69 /* FirebaseStorage in Frameworks */,
				11AFA7F02559CEFA00856E69 /* FirebaseFirestore in Frameworks */,
				11AFA7EE2559CEFA00856E69 /* FirebaseAuth in Frameworks */,
			);
			runOnlyForDeploymentPostprocessing = 0;
		};
		EA8C1D6B219CE61D00F4D502 /* Frameworks */ = {
			isa = PBXFrameworksBuildPhase;
			buildActionMask = 2147483647;
			files = (
				21AE64B71C33C1370ACB4612 /* Pods_TricktionaryTests.framework in Frameworks */,
			);
			runOnlyForDeploymentPostprocessing = 0;
		};
		EA8C1D76219CE61D00F4D502 /* Frameworks */ = {
			isa = PBXFrameworksBuildPhase;
			buildActionMask = 2147483647;
			files = (
				75168B5F1A99EFC2DF24650D /* Pods_TricktionaryUITests.framework in Frameworks */,
			);
			runOnlyForDeploymentPostprocessing = 0;
		};
/* End PBXFrameworksBuildPhase section */

/* Begin PBXGroup section */
		0F9782544F5C2FCDA8B14A16 /* Frameworks */ = {
			isa = PBXGroup;
			children = (
				C1F60BB72BD59E522B363957 /* Pods_Tricktionary.framework */,
				F2C21046409F446A8239DA7B /* Pods_TricktionaryTests.framework */,
				4A4F8EFA895F7CF0AEBF0798 /* Pods_TricktionaryUITests.framework */,
			);
			name = Frameworks;
			sourceTree = "<group>";
		};
		115FEAD025AE13D80065384D /* View */ = {
			isa = PBXGroup;
			children = (
				115FEAD125AE13F40065384D /* SpeedListCell.swift */,
			);
			path = View;
			sourceTree = "<group>";
		};
		117D20FB25BB663000F8C0B0 /* SwiftUI */ = {
			isa = PBXGroup;
			children = (
				117D20FC25BB664200F8C0B0 /* TrickListView.swift */,
				117D210725BCA86F00F8C0B0 /* TrickCellView.swift */,
				117D210D25BCB55300F8C0B0 /* LevelHeaderView.swift */,
			);
			path = SwiftUI;
			sourceTree = "<group>";
		};
		117D210025BB7FAB00F8C0B0 /* SwiftUI */ = {
			isa = PBXGroup;
			children = (
				117D210125BB7FB700F8C0B0 /* TabBarView.swift */,
			);
			path = SwiftUI;
			sourceTree = "<group>";
		};
		11A597172479358B006F4F3E /* ViewControllersFlow */ = {
			isa = PBXGroup;
			children = (
				11A59718247935AD006F4F3E /* ViewControllerFactory.swift */,
			);
			path = ViewControllersFlow;
			sourceTree = "<group>";
		};
		11A6D257241037DC0016C55B /* View */ = {
			isa = PBXGroup;
			children = (
				11A6D258241037E90016C55B /* VideoView.swift */,
				11813DF22422AC69001F53E8 /* TrickInfoCell.swift */,
				11EF715E242EBD0C0005B6B8 /* PrerequisiteHeaderView.swift */,
			);
			path = View;
			sourceTree = "<group>";
		};
		11B3ED7323DCF24A00ACE06C /* Protocols */ = {
			isa = PBXGroup;
			children = (
				11B3ED7423DCF27000ACE06C /* TricksTableSection.swift */,
				11B3ED7623DCF28E00ACE06C /* TricksSettingsType.swift */,
			);
			path = Protocols;
			sourceTree = "<group>";
		};
		B483ECF58063B5C73552D01B /* Pods */ = {
			isa = PBXGroup;
			children = (
				9170FE651B247F1DC367109D /* Pods-Tricktionary.debug.xcconfig */,
				909CBED8E578B216E2884985 /* Pods-Tricktionary.release.xcconfig */,
				0E842B02D5F0CAD2F4D519AD /* Pods-TricktionaryTests.debug.xcconfig */,
				816C0EF71CF545E72478D1B9 /* Pods-TricktionaryTests.release.xcconfig */,
				43F91D7EECE300294FAA4D49 /* Pods-TricktionaryUITests.debug.xcconfig */,
				B5B3396B1EE7E1116033D700 /* Pods-TricktionaryUITests.release.xcconfig */,
			);
			name = Pods;
			sourceTree = "<group>";
		};
		EA01954721F1239D00A86011 /* SpeedTimer */ = {
			isa = PBXGroup;
			children = (
				EAE6E1CF21F3F1DB0033D918 /* View */,
				EA01954821F123BB00A86011 /* SpeedTimerViewController.swift */,
				11F7CB3225ACD3280089E5AB /* SpeedTimerDataSource.swift */,
				11297F5425B0BEDA0009D0B7 /* SpeedTimerDelegate.swift */,
				EAE6E1CD21F3E9C50033D918 /* SpeedTimerViewModel.swift */,
			);
			path = SpeedTimer;
			sourceTree = "<group>";
		};
		EA073DF421FA79150046799C /* Settings */ = {
			isa = PBXGroup;
			children = (
				EA073DF521FA792A0046799C /* SettingsViewController.swift */,
				EA073DFC21FA84080046799C /* SettingsDataSource.swift */,
				114E58D623E9DE8300D63C80 /* SettingsViewModel.swift */,
			);
			path = Settings;
			sourceTree = "<group>";
		};
		EA073DF721FA834B0046799C /* PxUserDefaults */ = {
			isa = PBXGroup;
			children = (
				EA073DF821FA83660046799C /* PxUserDefaults.swift */,
			);
			path = PxUserDefaults;
			sourceTree = "<group>";
		};
		EA1A48DA21EAB88A0086FC79 /* Constants */ = {
			isa = PBXGroup;
			children = (
				EA1A48DB21EAB8C10086FC79 /* Constants.swift */,
			);
			path = Constants;
			sourceTree = "<group>";
		};
		EA37A3A521E690160061E44D /* Menu */ = {
			isa = PBXGroup;
			children = (
				EACF594521E7EAF40037FE2B /* MenuViewController.swift */,
				EA1A48D621EA8BEE0086FC79 /* MenuDelegate.swift */,
				EA1A48D821EA8BFC0086FC79 /* MenuDataSource.swift */,
			);
			name = Menu;
			path = "New Group";
			sourceTree = "<group>";
		};
		EA37A3AF21E696CF0061E44D /* Login */ = {
			isa = PBXGroup;
			children = (
				EACF63DA21EE960800D7D836 /* View */,
				EA37A3B021E696DE0061E44D /* LoginViewController.swift */,
				EAA4EE4A2205E08F003347D6 /* LoginViewModel.swift */,
			);
			path = Login;
			sourceTree = "<group>";
		};
		EA3C72882287583100324576 /* Tab bar */ = {
			isa = PBXGroup;
			children = (
				117D210025BB7FAB00F8C0B0 /* SwiftUI */,
				EA3C72892287584600324576 /* TabBarViewController.swift */,
			);
			path = "Tab bar";
			sourceTree = "<group>";
		};
		EA4F82342221613D001CB1F4 /* SpeedDataDetail */ = {
			isa = PBXGroup;
			children = (
				EA4F82352221615B001CB1F4 /* SpeedDataDetailViewController.swift */,
				EA4F8237222161A2001CB1F4 /* SpeedDataDetailViewModel.swift */,
				EA4F8239222172F8001CB1F4 /* SpeedDataDetailDataSource.swift */,
				EA4F823D2222B9B7001CB1F4 /* SpeedDataDetailDelegate.swift */,
			);
			path = SpeedDataDetail;
			sourceTree = "<group>";
		};
		EA7AAB2C219E1C9B000858EE /* Components */ = {
			isa = PBXGroup;
			children = (
				11A597172479358B006F4F3E /* ViewControllersFlow */,
				EAD3D74121F9214700F39A22 /* Sound */,
				EACF63DF21EE966200D7D836 /* View */,
				EA1A48DA21EAB88A0086FC79 /* Constants */,
				EA7AAB2D219E1CA2000858EE /* Cell */,
				EA073E0221FA8AFD0046799C /* Color.swift */,
				EA638704222350FF00D23A9C /* DateTimeUtil.swift */,
				EAE566C622F4AADE0077EC5D /* UserManager.swift */,
				1119BF6F2561D512004D1D89 /* TricksContentManager.swift */,
				118AA55725685D0200CF7464 /* RemoteConfig.swift */,
			);
			path = Components;
			sourceTree = "<group>";
		};
		EA7AAB2D219E1CA2000858EE /* Cell */ = {
			isa = PBXGroup;
			children = (
				EAF8CB8D21EFE0BB00684288 /* Base */,
				EA7AAB2E219E1CD7000858EE /* TrickLevelCell.swift */,
				EA7AAB34219E21B8000858EE /* TricksLevelHeaderCell.swift */,
				EAACBCDB21D02E83007AEDFE /* VideoCell.swift */,
				EAACBCE121D04B3B007AEDFE /* InformationCell.swift */,
				EAACBCE321D04C3E007AEDFE /* DescriptionCell.swift */,
				EA1A48D421EA78FA0086FC79 /* MenuCell.swift */,
				EA2C6B0F21ED38270090579F /* UserCell.swift */,
				EA073E0021FA85570046799C /* SwitchCell.swift */,
				EA4F823B2221842E001CB1F4 /* GraphCell.swift */,
				11E253B923D486EB00FB6DFA /* SearchCell.swift */,
			);
			path = Cell;
			sourceTree = "<group>";
		};
		EA7AAB38219E2232000858EE /* Model */ = {
			isa = PBXGroup;
			children = (
				EA7AAB39219E2257000858EE /* Trick.swift */,
				EA45C47921F1A7D0009DC1A8 /* SpeedTimes.swift */,
				EAD3D73F21F9187500F39A22 /* SpeedEvents.swift */,
				EAB1517C22209D720006B0FB /* Speed.swift */,
				EAEFA2E2225D3CCB00F0822C /* VideoMetadata.swift */,
				EA3C728D2288AB2A00324576 /* TableSection.swift */,
			);
			path = Model;
			sourceTree = "<group>";
		};
		EA7F22D2219EDC3C00C43599 /* Trick detail */ = {
			isa = PBXGroup;
			children = (
				11A6D257241037DC0016C55B /* View */,
				EA7F22D3219EDC5600C43599 /* TrickDetailViewController.swift */,
				EA85B514219EDFA200F975A2 /* TrickDetailViewModel.swift */,
				EAACBCDD21D034FC007AEDFE /* TrickDetailDataSource.swift */,
				EAACBCDF21D0365E007AEDFE /* TrickDetailDelegate.swift */,
			);
			path = "Trick detail";
			sourceTree = "<group>";
		};
		EA8C1D4E219CE61C00F4D502 = {
			isa = PBXGroup;
			children = (
				EA8C1D59219CE61D00F4D502 /* Tricktionary */,
				EA8C1D71219CE61D00F4D502 /* TricktionaryTests */,
				EA8C1D7C219CE61D00F4D502 /* TricktionaryUITests */,
				EA8C1D58219CE61D00F4D502 /* Products */,
				B483ECF58063B5C73552D01B /* Pods */,
				0F9782544F5C2FCDA8B14A16 /* Frameworks */,
			);
			sourceTree = "<group>";
		};
		EA8C1D58219CE61D00F4D502 /* Products */ = {
			isa = PBXGroup;
			children = (
				EA8C1D57219CE61D00F4D502 /* Tricktionary.app */,
				EA8C1D6E219CE61D00F4D502 /* TricktionaryTests.xctest */,
				EA8C1D79219CE61D00F4D502 /* TricktionaryUITests.xctest */,
			);
			name = Products;
			sourceTree = "<group>";
		};
		EA8C1D59219CE61D00F4D502 /* Tricktionary */ = {
			isa = PBXGroup;
			children = (
				11AF9DF5235277C400746773 /* Tricktionary.entitlements */,
				EAC23ABA219D8E3B0086D9E2 /* Classes */,
				EA8C1D5A219CE61D00F4D502 /* AppDelegate.swift */,
				EA8C1D5E219CE61D00F4D502 /* Main.storyboard */,
				EA8C1D64219CE61D00F4D502 /* Assets.xcassets */,
				EA8C1D66219CE61D00F4D502 /* LaunchScreen.storyboard */,
				EA8C1D69219CE61D00F4D502 /* Info.plist */,
				EA8C1D61219CE61D00F4D502 /* Tricktionary.xcdatamodeld */,
				EA8C1D8F219CEA8A00F4D502 /* GoogleService-Info.plist */,
			);
			path = Tricktionary;
			sourceTree = "<group>";
		};
		EA8C1D71219CE61D00F4D502 /* TricktionaryTests */ = {
			isa = PBXGroup;
			children = (
				EA8C1D72219CE61D00F4D502 /* TricktionaryTests.swift */,
				EA8C1D74219CE61D00F4D502 /* Info.plist */,
			);
			path = TricktionaryTests;
			sourceTree = "<group>";
		};
		EA8C1D7C219CE61D00F4D502 /* TricktionaryUITests */ = {
			isa = PBXGroup;
			children = (
				EA8C1D7D219CE61D00F4D502 /* TricktionaryUITests.swift */,
				EA8C1D7F219CE61D00F4D502 /* Info.plist */,
			);
			path = TricktionaryUITests;
			sourceTree = "<group>";
		};
		EAB08156221F3CEA0030AAF1 /* SpeedData */ = {
			isa = PBXGroup;
			children = (
				115FEAD025AE13D80065384D /* View */,
				EA4F82342221613D001CB1F4 /* SpeedDataDetail */,
				EAB08157221F3CFD0030AAF1 /* SpeedDataViewController.swift */,
				EAB1517E2220A4270006B0FB /* SpeedDataViewModel.swift */,
				EA4F823022214F8C001CB1F4 /* SpeedDataDataSource.swift */,
				EA4F823222214FDD001CB1F4 /* SpeedDataDelegate.swift */,
			);
			path = SpeedData;
			sourceTree = "<group>";
		};
		EAC23ABA219D8E3B0086D9E2 /* Classes */ = {
			isa = PBXGroup;
			children = (
				EAC23ABB219D8E490086D9E2 /* App */,
				EA7AAB2C219E1C9B000858EE /* Components */,
				EA7AAB38219E2232000858EE /* Model */,
				EAC23ABC219D8E520086D9E2 /* Network */,
				EAD3D73821F8FE8E00F39A22 /* Utils */,
			);
			path = Classes;
			sourceTree = "<group>";
		};
		EAC23ABB219D8E490086D9E2 /* App */ = {
			isa = PBXGroup;
			children = (
				EABCC85E224D8A8A00ED3B90 /* BaseCenterViewController.swift */,
				EAF9F27B222DBAF200237EDF /* BaseViewController.swift */,
				EA37A3AF21E696CF0061E44D /* Login */,
				EA37A3A521E690160061E44D /* Menu */,
				EAED98FF227F6D610017766F /* Profile */,
				EA073DF421FA79150046799C /* Settings */,
				EAB08156221F3CEA0030AAF1 /* SpeedData */,
				EA01954721F1239D00A86011 /* SpeedTimer */,
				EACAFF3622594C0000FF0202 /* Submit */,
				EA3C72882287583100324576 /* Tab bar */,
				EAC23ABF219D8F750086D9E2 /* Tricks */,
			);
			path = App;
			sourceTree = "<group>";
		};
		EAC23ABC219D8E520086D9E2 /* Network */ = {
			isa = PBXGroup;
			children = (
				EAF9B49A225A78D1001AB242 /* VideoStorageManager.swift */,
				EA6C93A9219EC91F00FF9BCC /* TrickManager.swift */,
				EAB08153221EFFB20030AAF1 /* SpeedManager.swift */,
				EA073DF721FA834B0046799C /* PxUserDefaults */,
			);
			path = Network;
			sourceTree = "<group>";
		};
		EAC23ABF219D8F750086D9E2 /* Tricks */ = {
			isa = PBXGroup;
			children = (
				117D20FB25BB663000F8C0B0 /* SwiftUI */,
				11B3ED7323DCF24A00ACE06C /* Protocols */,
				EA7F22D2219EDC3C00C43599 /* Trick detail */,
				EA7AAB30219E2138000858EE /* TricksDataSource.swift */,
				EA7AAB32219E2160000858EE /* TricksDelegate.swift */,
				114DB60A23D3CD9300AAEA45 /* TrickSearchVC.swift */,
				EAC23ABD219D8F700086D9E2 /* TricksViewController.swift */,
				EA7AAB36219E21FE000858EE /* TricksViewModel.swift */,
			);
			path = Tricks;
			sourceTree = "<group>";
		};
		EACAFF3622594C0000FF0202 /* Submit */ = {
			isa = PBXGroup;
			children = (
				EABA88652253ADB300D27F64 /* SubmitViewController.swift */,
				EACAFF3422594B9200FF0202 /* AsociationPickerDataSource.swift */,
				EAF9B498225A7894001AB242 /* SubmitViewModel.swift */,
			);
			path = Submit;
			sourceTree = "<group>";
		};
		EACF63DA21EE960800D7D836 /* View */ = {
			isa = PBXGroup;
			children = (
				EACF63DB21EE961B00D7D836 /* LoginView.swift */,
				EACF63DD21EE962A00D7D836 /* RegistrationView.swift */,
			);
			path = View;
			sourceTree = "<group>";
		};
		EACF63DF21EE966200D7D836 /* View */ = {
			isa = PBXGroup;
			children = (
				EACF63E021EE967700D7D836 /* IconTextField.swift */,
				EACF63E221EE96F500D7D836 /* GradientButton.swift */,
				EAE6E1CB21F3DE560033D918 /* Picker.swift */,
				EA3C728B2287843300324576 /* TypeHeaderView.swift */,
				11FACC5925AE36F800BD8623 /* UI+Extension.swift */,
			);
			path = View;
			sourceTree = "<group>";
		};
		EAD3D73821F8FE8E00F39A22 /* Utils */ = {
			isa = PBXGroup;
			children = (
				EAD3D73921F8FE9F00F39A22 /* SpeachUtil.swift */,
			);
			path = Utils;
			sourceTree = "<group>";
		};
		EAD3D74121F9214700F39A22 /* Sound */ = {
			isa = PBXGroup;
			children = (
				EAD3D74521F922A400F39A22 /* beep.m4a */,
			);
			path = Sound;
			sourceTree = "<group>";
		};
		EAE6E1CF21F3F1DB0033D918 /* View */ = {
			isa = PBXGroup;
			children = (
				EAE6E1D021F3F1F20033D918 /* ControllView.swift */,
				115FEACC25AE0B190065384D /* SpeedEventCell.swift */,
			);
			path = View;
			sourceTree = "<group>";
		};
		EAED98FF227F6D610017766F /* Profile */ = {
			isa = PBXGroup;
			children = (
				EA2C37DF227F6DC100F7ECEE /* ProfileViewController.swift */,
				EA2C37E12283063500F7ECEE /* ProfileViewModel.swift */,
				11A892DD232960A3009BCA7B /* ProfileInfo.swift */,
				118D877D232BE550001DFB1F /* ProfileDataSource.swift */,
				118D877F232BE577001DFB1F /* ProfileDelegate.swift */,
			);
			path = Profile;
			sourceTree = "<group>";
		};
		EAF8CB8D21EFE0BB00684288 /* Base */ = {
			isa = PBXGroup;
			children = (
				EAF8CB8E21EFE0CE00684288 /* BaseCell.swift */,
			);
			path = Base;
			sourceTree = "<group>";
		};
/* End PBXGroup section */

/* Begin PBXNativeTarget section */
		EA8C1D56219CE61C00F4D502 /* Tricktionary */ = {
			isa = PBXNativeTarget;
			buildConfigurationList = EA8C1D82219CE61D00F4D502 /* Build configuration list for PBXNativeTarget "Tricktionary" */;
			buildPhases = (
				1C73EACFE03ADD48B2A83A50 /* [CP] Check Pods Manifest.lock */,
				EA8C1D53219CE61C00F4D502 /* Sources */,
				EA8C1D54219CE61C00F4D502 /* Frameworks */,
				EA8C1D55219CE61C00F4D502 /* Resources */,
				C063A5A15E51AD97BF5C3CB9 /* [CP] Embed Pods Frameworks */,
				6A3BADD057D69E8A3A53BBF5 /* [CP] Copy Pods Resources */,
				11AF9DF823527EAD00746773 /* Embed Frameworks */,
			);
			buildRules = (
			);
			dependencies = (
			);
			name = Tricktionary;
			packageProductDependencies = (
				11AFA7E92559CEFA00856E69 /* FirebaseRemoteConfig */,
				11AFA7EB2559CEFA00856E69 /* FirebaseStorage */,
				11AFA7ED2559CEFA00856E69 /* FirebaseAuth */,
				11AFA7EF2559CEFA00856E69 /* FirebaseFirestore */,
				11AFA80D2559D10E00856E69 /* Kingfisher */,
			);
			productName = Tricktionary;
			productReference = EA8C1D57219CE61D00F4D502 /* Tricktionary.app */;
			productType = "com.apple.product-type.application";
		};
		EA8C1D6D219CE61D00F4D502 /* TricktionaryTests */ = {
			isa = PBXNativeTarget;
			buildConfigurationList = EA8C1D85219CE61D00F4D502 /* Build configuration list for PBXNativeTarget "TricktionaryTests" */;
			buildPhases = (
				C0A8FC3FD8CA436855A412FD /* [CP] Check Pods Manifest.lock */,
				EA8C1D6A219CE61D00F4D502 /* Sources */,
				EA8C1D6B219CE61D00F4D502 /* Frameworks */,
				EA8C1D6C219CE61D00F4D502 /* Resources */,
				0D348A4A559030A999155D8E /* [CP] Embed Pods Frameworks */,
				346DA2AF21F4B90F275C6868 /* [CP] Copy Pods Resources */,
			);
			buildRules = (
			);
			dependencies = (
				EA8C1D70219CE61D00F4D502 /* PBXTargetDependency */,
			);
			name = TricktionaryTests;
			productName = TricktionaryTests;
			productReference = EA8C1D6E219CE61D00F4D502 /* TricktionaryTests.xctest */;
			productType = "com.apple.product-type.bundle.unit-test";
		};
		EA8C1D78219CE61D00F4D502 /* TricktionaryUITests */ = {
			isa = PBXNativeTarget;
			buildConfigurationList = EA8C1D88219CE61D00F4D502 /* Build configuration list for PBXNativeTarget "TricktionaryUITests" */;
			buildPhases = (
				84D5EC4D3E45DC9F2CDBD0F0 /* [CP] Check Pods Manifest.lock */,
				EA8C1D75219CE61D00F4D502 /* Sources */,
				EA8C1D76219CE61D00F4D502 /* Frameworks */,
				EA8C1D77219CE61D00F4D502 /* Resources */,
				13BC251151528BAD4EF5FAAE /* [CP] Embed Pods Frameworks */,
				70C81E7E67C946268BF72519 /* [CP] Copy Pods Resources */,
			);
			buildRules = (
			);
			dependencies = (
				EA8C1D7B219CE61D00F4D502 /* PBXTargetDependency */,
			);
			name = TricktionaryUITests;
			productName = TricktionaryUITests;
			productReference = EA8C1D79219CE61D00F4D502 /* TricktionaryUITests.xctest */;
			productType = "com.apple.product-type.bundle.ui-testing";
		};
/* End PBXNativeTarget section */

/* Begin PBXProject section */
		EA8C1D4F219CE61C00F4D502 /* Project object */ = {
			isa = PBXProject;
			attributes = {
				LastSwiftUpdateCheck = 1010;
				LastUpgradeCheck = 1010;
				ORGANIZATIONNAME = "Marek Šťovíček";
				TargetAttributes = {
					EA8C1D56219CE61C00F4D502 = {
						CreatedOnToolsVersion = 10.1;
					};
					EA8C1D6D219CE61D00F4D502 = {
						CreatedOnToolsVersion = 10.1;
						TestTargetID = EA8C1D56219CE61C00F4D502;
					};
					EA8C1D78219CE61D00F4D502 = {
						CreatedOnToolsVersion = 10.1;
						TestTargetID = EA8C1D56219CE61C00F4D502;
					};
				};
			};
			buildConfigurationList = EA8C1D52219CE61C00F4D502 /* Build configuration list for PBXProject "Tricktionary" */;
			compatibilityVersion = "Xcode 9.3";
			developmentRegion = en;
			hasScannedForEncodings = 0;
			knownRegions = (
				en,
				Base,
			);
			mainGroup = EA8C1D4E219CE61C00F4D502;
			packageReferences = (
				11AFA7E82559CEFA00856E69 /* XCRemoteSwiftPackageReference "firebase-ios-sdk" */,
				11AFA80C2559D10E00856E69 /* XCRemoteSwiftPackageReference "Kingfisher" */,
			);
			productRefGroup = EA8C1D58219CE61D00F4D502 /* Products */;
			projectDirPath = "";
			projectRoot = "";
			targets = (
				EA8C1D56219CE61C00F4D502 /* Tricktionary */,
				EA8C1D6D219CE61D00F4D502 /* TricktionaryTests */,
				EA8C1D78219CE61D00F4D502 /* TricktionaryUITests */,
			);
		};
/* End PBXProject section */

/* Begin PBXResourcesBuildPhase section */
		EA8C1D55219CE61C00F4D502 /* Resources */ = {
			isa = PBXResourcesBuildPhase;
			buildActionMask = 2147483647;
			files = (
				EA8C1D68219CE61D00F4D502 /* LaunchScreen.storyboard in Resources */,
				EA8C1D65219CE61D00F4D502 /* Assets.xcassets in Resources */,
				EA8C1D60219CE61D00F4D502 /* Main.storyboard in Resources */,
				EA8C1D90219CEA8A00F4D502 /* GoogleService-Info.plist in Resources */,
			);
			runOnlyForDeploymentPostprocessing = 0;
		};
		EA8C1D6C219CE61D00F4D502 /* Resources */ = {
			isa = PBXResourcesBuildPhase;
			buildActionMask = 2147483647;
			files = (
			);
			runOnlyForDeploymentPostprocessing = 0;
		};
		EA8C1D77219CE61D00F4D502 /* Resources */ = {
			isa = PBXResourcesBuildPhase;
			buildActionMask = 2147483647;
			files = (
			);
			runOnlyForDeploymentPostprocessing = 0;
		};
/* End PBXResourcesBuildPhase section */

/* Begin PBXShellScriptBuildPhase section */
		0D348A4A559030A999155D8E /* [CP] Embed Pods Frameworks */ = {
			isa = PBXShellScriptBuildPhase;
			buildActionMask = 2147483647;
			files = (
			);
			inputFileListPaths = (
				"${PODS_ROOT}/Target Support Files/Pods-TricktionaryTests/Pods-TricktionaryTests-frameworks-${CONFIGURATION}-input-files.xcfilelist",
			);
			name = "[CP] Embed Pods Frameworks";
			outputFileListPaths = (
				"${PODS_ROOT}/Target Support Files/Pods-TricktionaryTests/Pods-TricktionaryTests-frameworks-${CONFIGURATION}-output-files.xcfilelist",
			);
			runOnlyForDeploymentPostprocessing = 0;
			shellPath = /bin/sh;
			shellScript = "\"${PODS_ROOT}/Target Support Files/Pods-TricktionaryTests/Pods-TricktionaryTests-frameworks.sh\"\n";
			showEnvVarsInLog = 0;
		};
		13BC251151528BAD4EF5FAAE /* [CP] Embed Pods Frameworks */ = {
			isa = PBXShellScriptBuildPhase;
			buildActionMask = 2147483647;
			files = (
			);
			inputFileListPaths = (
				"${PODS_ROOT}/Target Support Files/Pods-TricktionaryUITests/Pods-TricktionaryUITests-frameworks-${CONFIGURATION}-input-files.xcfilelist",
			);
			name = "[CP] Embed Pods Frameworks";
			outputFileListPaths = (
				"${PODS_ROOT}/Target Support Files/Pods-TricktionaryUITests/Pods-TricktionaryUITests-frameworks-${CONFIGURATION}-output-files.xcfilelist",
			);
			runOnlyForDeploymentPostprocessing = 0;
			shellPath = /bin/sh;
			shellScript = "\"${PODS_ROOT}/Target Support Files/Pods-TricktionaryUITests/Pods-TricktionaryUITests-frameworks.sh\"\n";
			showEnvVarsInLog = 0;
		};
		1C73EACFE03ADD48B2A83A50 /* [CP] Check Pods Manifest.lock */ = {
			isa = PBXShellScriptBuildPhase;
			buildActionMask = 2147483647;
			files = (
			);
			inputPaths = (
				"${PODS_PODFILE_DIR_PATH}/Podfile.lock",
				"${PODS_ROOT}/Manifest.lock",
			);
			name = "[CP] Check Pods Manifest.lock";
			outputPaths = (
				"$(DERIVED_FILE_DIR)/Pods-Tricktionary-checkManifestLockResult.txt",
			);
			runOnlyForDeploymentPostprocessing = 0;
			shellPath = /bin/sh;
			shellScript = "diff \"${PODS_PODFILE_DIR_PATH}/Podfile.lock\" \"${PODS_ROOT}/Manifest.lock\" > /dev/null\nif [ $? != 0 ] ; then\n    # print error to STDERR\n    echo \"error: The sandbox is not in sync with the Podfile.lock. Run 'pod install' or update your CocoaPods installation.\" >&2\n    exit 1\nfi\n# This output is used by Xcode 'outputs' to avoid re-running this script phase.\necho \"SUCCESS\" > \"${SCRIPT_OUTPUT_FILE_0}\"\n";
			showEnvVarsInLog = 0;
		};
		346DA2AF21F4B90F275C6868 /* [CP] Copy Pods Resources */ = {
			isa = PBXShellScriptBuildPhase;
			buildActionMask = 2147483647;
			files = (
			);
			inputFileListPaths = (
				"${PODS_ROOT}/Target Support Files/Pods-TricktionaryTests/Pods-TricktionaryTests-resources-${CONFIGURATION}-input-files.xcfilelist",
			);
			name = "[CP] Copy Pods Resources";
			outputFileListPaths = (
				"${PODS_ROOT}/Target Support Files/Pods-TricktionaryTests/Pods-TricktionaryTests-resources-${CONFIGURATION}-output-files.xcfilelist",
			);
			runOnlyForDeploymentPostprocessing = 0;
			shellPath = /bin/sh;
			shellScript = "\"${PODS_ROOT}/Target Support Files/Pods-TricktionaryTests/Pods-TricktionaryTests-resources.sh\"\n";
			showEnvVarsInLog = 0;
		};
		6A3BADD057D69E8A3A53BBF5 /* [CP] Copy Pods Resources */ = {
			isa = PBXShellScriptBuildPhase;
			buildActionMask = 2147483647;
			files = (
			);
			inputFileListPaths = (
				"${PODS_ROOT}/Target Support Files/Pods-Tricktionary/Pods-Tricktionary-resources-${CONFIGURATION}-input-files.xcfilelist",
			);
			name = "[CP] Copy Pods Resources";
			outputFileListPaths = (
				"${PODS_ROOT}/Target Support Files/Pods-Tricktionary/Pods-Tricktionary-resources-${CONFIGURATION}-output-files.xcfilelist",
			);
			runOnlyForDeploymentPostprocessing = 0;
			shellPath = /bin/sh;
			shellScript = "\"${PODS_ROOT}/Target Support Files/Pods-Tricktionary/Pods-Tricktionary-resources.sh\"\n";
			showEnvVarsInLog = 0;
		};
		70C81E7E67C946268BF72519 /* [CP] Copy Pods Resources */ = {
			isa = PBXShellScriptBuildPhase;
			buildActionMask = 2147483647;
			files = (
			);
			inputFileListPaths = (
				"${PODS_ROOT}/Target Support Files/Pods-TricktionaryUITests/Pods-TricktionaryUITests-resources-${CONFIGURATION}-input-files.xcfilelist",
			);
			name = "[CP] Copy Pods Resources";
			outputFileListPaths = (
				"${PODS_ROOT}/Target Support Files/Pods-TricktionaryUITests/Pods-TricktionaryUITests-resources-${CONFIGURATION}-output-files.xcfilelist",
			);
			runOnlyForDeploymentPostprocessing = 0;
			shellPath = /bin/sh;
			shellScript = "\"${PODS_ROOT}/Target Support Files/Pods-TricktionaryUITests/Pods-TricktionaryUITests-resources.sh\"\n";
			showEnvVarsInLog = 0;
		};
		84D5EC4D3E45DC9F2CDBD0F0 /* [CP] Check Pods Manifest.lock */ = {
			isa = PBXShellScriptBuildPhase;
			buildActionMask = 2147483647;
			files = (
			);
			inputPaths = (
				"${PODS_PODFILE_DIR_PATH}/Podfile.lock",
				"${PODS_ROOT}/Manifest.lock",
			);
			name = "[CP] Check Pods Manifest.lock";
			outputPaths = (
				"$(DERIVED_FILE_DIR)/Pods-TricktionaryUITests-checkManifestLockResult.txt",
			);
			runOnlyForDeploymentPostprocessing = 0;
			shellPath = /bin/sh;
			shellScript = "diff \"${PODS_PODFILE_DIR_PATH}/Podfile.lock\" \"${PODS_ROOT}/Manifest.lock\" > /dev/null\nif [ $? != 0 ] ; then\n    # print error to STDERR\n    echo \"error: The sandbox is not in sync with the Podfile.lock. Run 'pod install' or update your CocoaPods installation.\" >&2\n    exit 1\nfi\n# This output is used by Xcode 'outputs' to avoid re-running this script phase.\necho \"SUCCESS\" > \"${SCRIPT_OUTPUT_FILE_0}\"\n";
			showEnvVarsInLog = 0;
		};
		C063A5A15E51AD97BF5C3CB9 /* [CP] Embed Pods Frameworks */ = {
			isa = PBXShellScriptBuildPhase;
			buildActionMask = 2147483647;
			files = (
			);
			inputFileListPaths = (
				"${PODS_ROOT}/Target Support Files/Pods-Tricktionary/Pods-Tricktionary-frameworks-${CONFIGURATION}-input-files.xcfilelist",
			);
			name = "[CP] Embed Pods Frameworks";
			outputFileListPaths = (
				"${PODS_ROOT}/Target Support Files/Pods-Tricktionary/Pods-Tricktionary-frameworks-${CONFIGURATION}-output-files.xcfilelist",
			);
			runOnlyForDeploymentPostprocessing = 0;
			shellPath = /bin/sh;
			shellScript = "\"${PODS_ROOT}/Target Support Files/Pods-Tricktionary/Pods-Tricktionary-frameworks.sh\"\n";
			showEnvVarsInLog = 0;
		};
		C0A8FC3FD8CA436855A412FD /* [CP] Check Pods Manifest.lock */ = {
			isa = PBXShellScriptBuildPhase;
			buildActionMask = 2147483647;
			files = (
			);
			inputPaths = (
				"${PODS_PODFILE_DIR_PATH}/Podfile.lock",
				"${PODS_ROOT}/Manifest.lock",
			);
			name = "[CP] Check Pods Manifest.lock";
			outputPaths = (
				"$(DERIVED_FILE_DIR)/Pods-TricktionaryTests-checkManifestLockResult.txt",
			);
			runOnlyForDeploymentPostprocessing = 0;
			shellPath = /bin/sh;
			shellScript = "diff \"${PODS_PODFILE_DIR_PATH}/Podfile.lock\" \"${PODS_ROOT}/Manifest.lock\" > /dev/null\nif [ $? != 0 ] ; then\n    # print error to STDERR\n    echo \"error: The sandbox is not in sync with the Podfile.lock. Run 'pod install' or update your CocoaPods installation.\" >&2\n    exit 1\nfi\n# This output is used by Xcode 'outputs' to avoid re-running this script phase.\necho \"SUCCESS\" > \"${SCRIPT_OUTPUT_FILE_0}\"\n";
			showEnvVarsInLog = 0;
		};
/* End PBXShellScriptBuildPhase section */

/* Begin PBXSourcesBuildPhase section */
		EA8C1D53219CE61C00F4D502 /* Sources */ = {
			isa = PBXSourcesBuildPhase;
			buildActionMask = 2147483647;
			files = (
				EACF63E121EE967700D7D836 /* IconTextField.swift in Sources */,
				118AA55825685D0200CF7464 /* RemoteConfig.swift in Sources */,
				EA7AAB33219E2160000858EE /* TricksDelegate.swift in Sources */,
				EAB1517D22209D720006B0FB /* Speed.swift in Sources */,
				EA6C93AA219EC91F00FF9BCC /* TrickManager.swift in Sources */,
				EAF9F27C222DBAF200237EDF /* BaseViewController.swift in Sources */,
				EA4F823122214F8C001CB1F4 /* SpeedDataDataSource.swift in Sources */,
				EA2C37E0227F6DC100F7ECEE /* ProfileViewController.swift in Sources */,
				EA2C37E22283063500F7ECEE /* ProfileViewModel.swift in Sources */,
				EACF63E321EE96F500D7D836 /* GradientButton.swift in Sources */,
				EAE6E1CC21F3DE560033D918 /* Picker.swift in Sources */,
				EA7AAB2F219E1CD7000858EE /* TrickLevelCell.swift in Sources */,
				EACF594621E7EAF40037FE2B /* MenuViewController.swift in Sources */,
				EAB08158221F3CFD0030AAF1 /* SpeedDataViewController.swift in Sources */,
				117D210E25BCB55300F8C0B0 /* LevelHeaderView.swift in Sources */,
				EA073E0121FA85570046799C /* SwitchCell.swift in Sources */,
				EAC23ABE219D8F700086D9E2 /* TricksViewController.swift in Sources */,
				11F7CB3325ACD3290089E5AB /* SpeedTimerDataSource.swift in Sources */,
				EAB08154221EFFB20030AAF1 /* SpeedManager.swift in Sources */,
				EA4F823322214FDD001CB1F4 /* SpeedDataDelegate.swift in Sources */,
				115FEAD225AE13F40065384D /* SpeedListCell.swift in Sources */,
				EAACBCE221D04B3B007AEDFE /* InformationCell.swift in Sources */,
				EAEFA2E3225D3CCB00F0822C /* VideoMetadata.swift in Sources */,
				11813DF32422AC69001F53E8 /* TrickInfoCell.swift in Sources */,
				EA8C1D63219CE61D00F4D502 /* Tricktionary.xcdatamodeld in Sources */,
				EAD3D73A21F8FE9F00F39A22 /* SpeachUtil.swift in Sources */,
				EA01954921F123BB00A86011 /* SpeedTimerViewController.swift in Sources */,
				115FEACD25AE0B190065384D /* SpeedEventCell.swift in Sources */,
				EAACBCE421D04C3E007AEDFE /* DescriptionCell.swift in Sources */,
				117D20FD25BB664200F8C0B0 /* TrickListView.swift in Sources */,
				EA4F823A222172F8001CB1F4 /* SpeedDataDetailDataSource.swift in Sources */,
				EA4F8238222161A2001CB1F4 /* SpeedDataDetailViewModel.swift in Sources */,
				EAD3D74021F9187500F39A22 /* SpeedEvents.swift in Sources */,
				114DB60B23D3CD9300AAEA45 /* TrickSearchVC.swift in Sources */,
				11297F5525B0BEDA0009D0B7 /* SpeedTimerDelegate.swift in Sources */,
				117D210225BB7FB700F8C0B0 /* TabBarView.swift in Sources */,
				EA1A48DC21EAB8C10086FC79 /* Constants.swift in Sources */,
				EA3C728C2287843300324576 /* TypeHeaderView.swift in Sources */,
				EA37A3B121E696DE0061E44D /* LoginViewController.swift in Sources */,
				EAACBCDC21D02E83007AEDFE /* VideoCell.swift in Sources */,
				EAE6E1CE21F3E9C50033D918 /* SpeedTimerViewModel.swift in Sources */,
				EA073DFD21FA84080046799C /* SettingsDataSource.swift in Sources */,
				11A892DE232960A3009BCA7B /* ProfileInfo.swift in Sources */,
				EA2C6B1021ED38270090579F /* UserCell.swift in Sources */,
				117D210825BCA86F00F8C0B0 /* TrickCellView.swift in Sources */,
				EA7AAB37219E21FE000858EE /* TricksViewModel.swift in Sources */,
				EACF63DC21EE961B00D7D836 /* LoginView.swift in Sources */,
				EA7AAB31219E2138000858EE /* TricksDataSource.swift in Sources */,
				11FACC5A25AE36F800BD8623 /* UI+Extension.swift in Sources */,
				118D8780232BE577001DFB1F /* ProfileDelegate.swift in Sources */,
				EAB1517F2220A4270006B0FB /* SpeedDataViewModel.swift in Sources */,
				EA8C1D5B219CE61D00F4D502 /* AppDelegate.swift in Sources */,
				EAACBCE021D0365E007AEDFE /* TrickDetailDelegate.swift in Sources */,
				114E58D723E9DE8300D63C80 /* SettingsViewModel.swift in Sources */,
				EA073DF921FA83660046799C /* PxUserDefaults.swift in Sources */,
				EA1A48D921EA8BFC0086FC79 /* MenuDataSource.swift in Sources */,
				11E253BA23D486EB00FB6DFA /* SearchCell.swift in Sources */,
				EAF9B49B225A78D1001AB242 /* VideoStorageManager.swift in Sources */,
				EA7AAB35219E21B8000858EE /* TricksLevelHeaderCell.swift in Sources */,
				11A59719247935AD006F4F3E /* ViewControllerFactory.swift in Sources */,
				EA638705222350FF00D23A9C /* DateTimeUtil.swift in Sources */,
				EAACBCDE21D034FC007AEDFE /* TrickDetailDataSource.swift in Sources */,
				11EF715F242EBD0C0005B6B8 /* PrerequisiteHeaderView.swift in Sources */,
				EAE566C722F4AADE0077EC5D /* UserManager.swift in Sources */,
				EABA88662253ADB300D27F64 /* SubmitViewController.swift in Sources */,
				EA4F823E2222B9B7001CB1F4 /* SpeedDataDetailDelegate.swift in Sources */,
				EA1A48D521EA78FA0086FC79 /* MenuCell.swift in Sources */,
				EA073DF621FA792A0046799C /* SettingsViewController.swift in Sources */,
				11B3ED7523DCF27000ACE06C /* TricksTableSection.swift in Sources */,
				EAF9B499225A7894001AB242 /* SubmitViewModel.swift in Sources */,
				EAE6E1D121F3F1F20033D918 /* ControllView.swift in Sources */,
				EABCC85F224D8A8A00ED3B90 /* BaseCenterViewController.swift in Sources */,
				EA4F823C2221842E001CB1F4 /* GraphCell.swift in Sources */,
				EA3C728E2288AB2A00324576 /* TableSection.swift in Sources */,
				EAF8CB8F21EFE0CE00684288 /* BaseCell.swift in Sources */,
				EA7AAB3A219E2257000858EE /* Trick.swift in Sources */,
				EACAFF3522594B9200FF0202 /* AsociationPickerDataSource.swift in Sources */,
				EA073E0321FA8AFD0046799C /* Color.swift in Sources */,
				EAA4EE4B2205E08F003347D6 /* LoginViewModel.swift in Sources */,
				11B3ED7723DCF28E00ACE06C /* TricksSettingsType.swift in Sources */,
				EA3C728A2287584600324576 /* TabBarViewController.swift in Sources */,
				11A6D259241037E90016C55B /* VideoView.swift in Sources */,
				118D877E232BE550001DFB1F /* ProfileDataSource.swift in Sources */,
				EACF63DE21EE962A00D7D836 /* RegistrationView.swift in Sources */,
				EA7F22D4219EDC5600C43599 /* TrickDetailViewController.swift in Sources */,
				1119BF702561D512004D1D89 /* TricksContentManager.swift in Sources */,
				EA4F82362221615B001CB1F4 /* SpeedDataDetailViewController.swift in Sources */,
				EA1A48D721EA8BEE0086FC79 /* MenuDelegate.swift in Sources */,
				EA45C47A21F1A7D0009DC1A8 /* SpeedTimes.swift in Sources */,
				EA85B515219EDFA200F975A2 /* TrickDetailViewModel.swift in Sources */,
			);
			runOnlyForDeploymentPostprocessing = 0;
		};
		EA8C1D6A219CE61D00F4D502 /* Sources */ = {
			isa = PBXSourcesBuildPhase;
			buildActionMask = 2147483647;
			files = (
				EA8C1D73219CE61D00F4D502 /* TricktionaryTests.swift in Sources */,
			);
			runOnlyForDeploymentPostprocessing = 0;
		};
		EA8C1D75219CE61D00F4D502 /* Sources */ = {
			isa = PBXSourcesBuildPhase;
			buildActionMask = 2147483647;
			files = (
				EA8C1D7E219CE61D00F4D502 /* TricktionaryUITests.swift in Sources */,
			);
			runOnlyForDeploymentPostprocessing = 0;
		};
/* End PBXSourcesBuildPhase section */

/* Begin PBXTargetDependency section */
		EA8C1D70219CE61D00F4D502 /* PBXTargetDependency */ = {
			isa = PBXTargetDependency;
			target = EA8C1D56219CE61C00F4D502 /* Tricktionary */;
			targetProxy = EA8C1D6F219CE61D00F4D502 /* PBXContainerItemProxy */;
		};
		EA8C1D7B219CE61D00F4D502 /* PBXTargetDependency */ = {
			isa = PBXTargetDependency;
			target = EA8C1D56219CE61C00F4D502 /* Tricktionary */;
			targetProxy = EA8C1D7A219CE61D00F4D502 /* PBXContainerItemProxy */;
		};
/* End PBXTargetDependency section */

/* Begin PBXVariantGroup section */
		EA8C1D5E219CE61D00F4D502 /* Main.storyboard */ = {
			isa = PBXVariantGroup;
			children = (
				EA8C1D5F219CE61D00F4D502 /* Base */,
			);
			name = Main.storyboard;
			sourceTree = "<group>";
		};
		EA8C1D66219CE61D00F4D502 /* LaunchScreen.storyboard */ = {
			isa = PBXVariantGroup;
			children = (
				EA8C1D67219CE61D00F4D502 /* Base */,
			);
			name = LaunchScreen.storyboard;
			sourceTree = "<group>";
		};
/* End PBXVariantGroup section */

/* Begin XCBuildConfiguration section */
		EA8C1D80219CE61D00F4D502 /* Debug */ = {
			isa = XCBuildConfiguration;
			buildSettings = {
				ALWAYS_SEARCH_USER_PATHS = NO;
				CLANG_ANALYZER_NONNULL = YES;
				CLANG_ANALYZER_NUMBER_OBJECT_CONVERSION = YES_AGGRESSIVE;
				CLANG_CXX_LANGUAGE_STANDARD = "gnu++14";
				CLANG_CXX_LIBRARY = "libc++";
				CLANG_ENABLE_MODULES = YES;
				CLANG_ENABLE_OBJC_ARC = YES;
				CLANG_ENABLE_OBJC_WEAK = YES;
				CLANG_WARN_BLOCK_CAPTURE_AUTORELEASING = YES;
				CLANG_WARN_BOOL_CONVERSION = YES;
				CLANG_WARN_COMMA = YES;
				CLANG_WARN_CONSTANT_CONVERSION = YES;
				CLANG_WARN_DEPRECATED_OBJC_IMPLEMENTATIONS = YES;
				CLANG_WARN_DIRECT_OBJC_ISA_USAGE = YES_ERROR;
				CLANG_WARN_DOCUMENTATION_COMMENTS = YES;
				CLANG_WARN_EMPTY_BODY = YES;
				CLANG_WARN_ENUM_CONVERSION = YES;
				CLANG_WARN_INFINITE_RECURSION = YES;
				CLANG_WARN_INT_CONVERSION = YES;
				CLANG_WARN_NON_LITERAL_NULL_CONVERSION = YES;
				CLANG_WARN_OBJC_IMPLICIT_RETAIN_SELF = YES;
				CLANG_WARN_OBJC_LITERAL_CONVERSION = YES;
				CLANG_WARN_OBJC_ROOT_CLASS = YES_ERROR;
				CLANG_WARN_RANGE_LOOP_ANALYSIS = YES;
				CLANG_WARN_STRICT_PROTOTYPES = YES;
				CLANG_WARN_SUSPICIOUS_MOVE = YES;
				CLANG_WARN_UNGUARDED_AVAILABILITY = YES_AGGRESSIVE;
				CLANG_WARN_UNREACHABLE_CODE = YES;
				CLANG_WARN__DUPLICATE_METHOD_MATCH = YES;
				CODE_SIGN_IDENTITY = "iPhone Developer";
				COPY_PHASE_STRIP = NO;
				DEBUG_INFORMATION_FORMAT = dwarf;
				ENABLE_STRICT_OBJC_MSGSEND = YES;
				ENABLE_TESTABILITY = YES;
				GCC_C_LANGUAGE_STANDARD = gnu11;
				GCC_DYNAMIC_NO_PIC = NO;
				GCC_NO_COMMON_BLOCKS = YES;
				GCC_OPTIMIZATION_LEVEL = 0;
				GCC_PREPROCESSOR_DEFINITIONS = (
					"DEBUG=1",
					"$(inherited)",
				);
				GCC_WARN_64_TO_32_BIT_CONVERSION = YES;
				GCC_WARN_ABOUT_RETURN_TYPE = YES_ERROR;
				GCC_WARN_UNDECLARED_SELECTOR = YES;
				GCC_WARN_UNINITIALIZED_AUTOS = YES_AGGRESSIVE;
				GCC_WARN_UNUSED_FUNCTION = YES;
				GCC_WARN_UNUSED_VARIABLE = YES;
				IPHONEOS_DEPLOYMENT_TARGET = 13.0;
				MTL_ENABLE_DEBUG_INFO = INCLUDE_SOURCE;
				MTL_FAST_MATH = YES;
				ONLY_ACTIVE_ARCH = YES;
				SDKROOT = iphoneos;
				SWIFT_ACTIVE_COMPILATION_CONDITIONS = DEBUG;
				SWIFT_OPTIMIZATION_LEVEL = "-Onone";
			};
			name = Debug;
		};
		EA8C1D81219CE61D00F4D502 /* Release */ = {
			isa = XCBuildConfiguration;
			buildSettings = {
				ALWAYS_SEARCH_USER_PATHS = NO;
				CLANG_ANALYZER_NONNULL = YES;
				CLANG_ANALYZER_NUMBER_OBJECT_CONVERSION = YES_AGGRESSIVE;
				CLANG_CXX_LANGUAGE_STANDARD = "gnu++14";
				CLANG_CXX_LIBRARY = "libc++";
				CLANG_ENABLE_MODULES = YES;
				CLANG_ENABLE_OBJC_ARC = YES;
				CLANG_ENABLE_OBJC_WEAK = YES;
				CLANG_WARN_BLOCK_CAPTURE_AUTORELEASING = YES;
				CLANG_WARN_BOOL_CONVERSION = YES;
				CLANG_WARN_COMMA = YES;
				CLANG_WARN_CONSTANT_CONVERSION = YES;
				CLANG_WARN_DEPRECATED_OBJC_IMPLEMENTATIONS = YES;
				CLANG_WARN_DIRECT_OBJC_ISA_USAGE = YES_ERROR;
				CLANG_WARN_DOCUMENTATION_COMMENTS = YES;
				CLANG_WARN_EMPTY_BODY = YES;
				CLANG_WARN_ENUM_CONVERSION = YES;
				CLANG_WARN_INFINITE_RECURSION = YES;
				CLANG_WARN_INT_CONVERSION = YES;
				CLANG_WARN_NON_LITERAL_NULL_CONVERSION = YES;
				CLANG_WARN_OBJC_IMPLICIT_RETAIN_SELF = YES;
				CLANG_WARN_OBJC_LITERAL_CONVERSION = YES;
				CLANG_WARN_OBJC_ROOT_CLASS = YES_ERROR;
				CLANG_WARN_RANGE_LOOP_ANALYSIS = YES;
				CLANG_WARN_STRICT_PROTOTYPES = YES;
				CLANG_WARN_SUSPICIOUS_MOVE = YES;
				CLANG_WARN_UNGUARDED_AVAILABILITY = YES_AGGRESSIVE;
				CLANG_WARN_UNREACHABLE_CODE = YES;
				CLANG_WARN__DUPLICATE_METHOD_MATCH = YES;
				CODE_SIGN_IDENTITY = "iPhone Developer";
				COPY_PHASE_STRIP = NO;
				DEBUG_INFORMATION_FORMAT = "dwarf-with-dsym";
				ENABLE_NS_ASSERTIONS = NO;
				ENABLE_STRICT_OBJC_MSGSEND = YES;
				GCC_C_LANGUAGE_STANDARD = gnu11;
				GCC_NO_COMMON_BLOCKS = YES;
				GCC_WARN_64_TO_32_BIT_CONVERSION = YES;
				GCC_WARN_ABOUT_RETURN_TYPE = YES_ERROR;
				GCC_WARN_UNDECLARED_SELECTOR = YES;
				GCC_WARN_UNINITIALIZED_AUTOS = YES_AGGRESSIVE;
				GCC_WARN_UNUSED_FUNCTION = YES;
				GCC_WARN_UNUSED_VARIABLE = YES;
				IPHONEOS_DEPLOYMENT_TARGET = 13.0;
				MTL_ENABLE_DEBUG_INFO = NO;
				MTL_FAST_MATH = YES;
				SDKROOT = iphoneos;
				SWIFT_COMPILATION_MODE = wholemodule;
				SWIFT_OPTIMIZATION_LEVEL = "-O";
				VALIDATE_PRODUCT = YES;
			};
			name = Release;
		};
		EA8C1D83219CE61D00F4D502 /* Debug */ = {
			isa = XCBuildConfiguration;
			baseConfigurationReference = 9170FE651B247F1DC367109D /* Pods-Tricktionary.debug.xcconfig */;
			buildSettings = {
				ASSETCATALOG_COMPILER_APPICON_NAME = AppIcon;
				CODE_SIGN_ENTITLEMENTS = Tricktionary/Tricktionary.entitlements;
				CODE_SIGN_IDENTITY = "iPhone Developer";
				"CODE_SIGN_IDENTITY[sdk=macosx*]" = "-";
				CODE_SIGN_STYLE = Manual;
				DEVELOPMENT_TEAM = GS54YR7LSQ;
				INFOPLIST_FILE = Tricktionary/Info.plist;
				IPHONEOS_DEPLOYMENT_TARGET = 13.0;
				LD_RUNPATH_SEARCH_PATHS = (
					"$(inherited)",
					"@executable_path/Frameworks",
				);
				PRODUCT_BUNDLE_IDENTIFIER = "cz.pixmo.the-tricktionary";
				PRODUCT_NAME = "$(TARGET_NAME)";
				PROVISIONING_PROFILE_SPECIFIER = "Tricktionary Dev";
				SUPPORTS_MACCATALYST = NO;
				SWIFT_VERSION = 4.2;
				TARGETED_DEVICE_FAMILY = "1,2";
			};
			name = Debug;
		};
		EA8C1D84219CE61D00F4D502 /* Release */ = {
			isa = XCBuildConfiguration;
			baseConfigurationReference = 909CBED8E578B216E2884985 /* Pods-Tricktionary.release.xcconfig */;
			buildSettings = {
				ASSETCATALOG_COMPILER_APPICON_NAME = AppIcon;
				CODE_SIGN_ENTITLEMENTS = Tricktionary/Tricktionary.entitlements;
				CODE_SIGN_IDENTITY = "iPhone Developer";
				"CODE_SIGN_IDENTITY[sdk=macosx*]" = "-";
				CODE_SIGN_STYLE = Manual;
				DEVELOPMENT_TEAM = GS54YR7LSQ;
				INFOPLIST_FILE = Tricktionary/Info.plist;
				IPHONEOS_DEPLOYMENT_TARGET = 13.0;
				LD_RUNPATH_SEARCH_PATHS = (
					"$(inherited)",
					"@executable_path/Frameworks",
				);
				PRODUCT_BUNDLE_IDENTIFIER = "cz.pixmo.the-tricktionary";
				PRODUCT_NAME = "$(TARGET_NAME)";
				PROVISIONING_PROFILE_SPECIFIER = "Tricktionary Dev";
				SUPPORTS_MACCATALYST = NO;
				SWIFT_VERSION = 4.2;
				TARGETED_DEVICE_FAMILY = "1,2";
			};
			name = Release;
		};
		EA8C1D86219CE61D00F4D502 /* Debug */ = {
			isa = XCBuildConfiguration;
			baseConfigurationReference = 0E842B02D5F0CAD2F4D519AD /* Pods-TricktionaryTests.debug.xcconfig */;
			buildSettings = {
				ALWAYS_EMBED_SWIFT_STANDARD_LIBRARIES = YES;
				BUNDLE_LOADER = "$(TEST_HOST)";
				CODE_SIGN_STYLE = Automatic;
				DEVELOPMENT_TEAM = CTPJ8YRP37;
				INFOPLIST_FILE = TricktionaryTests/Info.plist;
				LD_RUNPATH_SEARCH_PATHS = (
					"$(inherited)",
					"@executable_path/Frameworks",
					"@loader_path/Frameworks",
				);
				PRODUCT_BUNDLE_IDENTIFIER = Stovicek.TricktionaryTests;
				PRODUCT_NAME = "$(TARGET_NAME)";
				SWIFT_VERSION = 4.2;
				TARGETED_DEVICE_FAMILY = "1,2";
				TEST_HOST = "$(BUILT_PRODUCTS_DIR)/Tricktionary.app/Tricktionary";
			};
			name = Debug;
		};
		EA8C1D87219CE61D00F4D502 /* Release */ = {
			isa = XCBuildConfiguration;
			baseConfigurationReference = 816C0EF71CF545E72478D1B9 /* Pods-TricktionaryTests.release.xcconfig */;
			buildSettings = {
				ALWAYS_EMBED_SWIFT_STANDARD_LIBRARIES = YES;
				BUNDLE_LOADER = "$(TEST_HOST)";
				CODE_SIGN_STYLE = Automatic;
				DEVELOPMENT_TEAM = CTPJ8YRP37;
				INFOPLIST_FILE = TricktionaryTests/Info.plist;
				LD_RUNPATH_SEARCH_PATHS = (
					"$(inherited)",
					"@executable_path/Frameworks",
					"@loader_path/Frameworks",
				);
				PRODUCT_BUNDLE_IDENTIFIER = Stovicek.TricktionaryTests;
				PRODUCT_NAME = "$(TARGET_NAME)";
				SWIFT_VERSION = 4.2;
				TARGETED_DEVICE_FAMILY = "1,2";
				TEST_HOST = "$(BUILT_PRODUCTS_DIR)/Tricktionary.app/Tricktionary";
			};
			name = Release;
		};
		EA8C1D89219CE61D00F4D502 /* Debug */ = {
			isa = XCBuildConfiguration;
			baseConfigurationReference = 43F91D7EECE300294FAA4D49 /* Pods-TricktionaryUITests.debug.xcconfig */;
			buildSettings = {
				ALWAYS_EMBED_SWIFT_STANDARD_LIBRARIES = YES;
				CODE_SIGN_STYLE = Automatic;
				DEVELOPMENT_TEAM = CTPJ8YRP37;
				INFOPLIST_FILE = TricktionaryUITests/Info.plist;
				LD_RUNPATH_SEARCH_PATHS = (
					"$(inherited)",
					"@executable_path/Frameworks",
					"@loader_path/Frameworks",
				);
				PRODUCT_BUNDLE_IDENTIFIER = Stovicek.TricktionaryUITests;
				PRODUCT_NAME = "$(TARGET_NAME)";
				SWIFT_VERSION = 4.2;
				TARGETED_DEVICE_FAMILY = "1,2";
				TEST_TARGET_NAME = Tricktionary;
			};
			name = Debug;
		};
		EA8C1D8A219CE61D00F4D502 /* Release */ = {
			isa = XCBuildConfiguration;
			baseConfigurationReference = B5B3396B1EE7E1116033D700 /* Pods-TricktionaryUITests.release.xcconfig */;
			buildSettings = {
				ALWAYS_EMBED_SWIFT_STANDARD_LIBRARIES = YES;
				CODE_SIGN_STYLE = Automatic;
				DEVELOPMENT_TEAM = CTPJ8YRP37;
				INFOPLIST_FILE = TricktionaryUITests/Info.plist;
				LD_RUNPATH_SEARCH_PATHS = (
					"$(inherited)",
					"@executable_path/Frameworks",
					"@loader_path/Frameworks",
				);
				PRODUCT_BUNDLE_IDENTIFIER = Stovicek.TricktionaryUITests;
				PRODUCT_NAME = "$(TARGET_NAME)";
				SWIFT_VERSION = 4.2;
				TARGETED_DEVICE_FAMILY = "1,2";
				TEST_TARGET_NAME = Tricktionary;
			};
			name = Release;
		};
/* End XCBuildConfiguration section */

/* Begin XCConfigurationList section */
		EA8C1D52219CE61C00F4D502 /* Build configuration list for PBXProject "Tricktionary" */ = {
			isa = XCConfigurationList;
			buildConfigurations = (
				EA8C1D80219CE61D00F4D502 /* Debug */,
				EA8C1D81219CE61D00F4D502 /* Release */,
			);
			defaultConfigurationIsVisible = 0;
			defaultConfigurationName = Release;
		};
		EA8C1D82219CE61D00F4D502 /* Build configuration list for PBXNativeTarget "Tricktionary" */ = {
			isa = XCConfigurationList;
			buildConfigurations = (
				EA8C1D83219CE61D00F4D502 /* Debug */,
				EA8C1D84219CE61D00F4D502 /* Release */,
			);
			defaultConfigurationIsVisible = 0;
			defaultConfigurationName = Release;
		};
		EA8C1D85219CE61D00F4D502 /* Build configuration list for PBXNativeTarget "TricktionaryTests" */ = {
			isa = XCConfigurationList;
			buildConfigurations = (
				EA8C1D86219CE61D00F4D502 /* Debug */,
				EA8C1D87219CE61D00F4D502 /* Release */,
			);
			defaultConfigurationIsVisible = 0;
			defaultConfigurationName = Release;
		};
		EA8C1D88219CE61D00F4D502 /* Build configuration list for PBXNativeTarget "TricktionaryUITests" */ = {
			isa = XCConfigurationList;
			buildConfigurations = (
				EA8C1D89219CE61D00F4D502 /* Debug */,
				EA8C1D8A219CE61D00F4D502 /* Release */,
			);
			defaultConfigurationIsVisible = 0;
			defaultConfigurationName = Release;
		};
/* End XCConfigurationList section */

/* Begin XCRemoteSwiftPackageReference section */
		11AFA7E82559CEFA00856E69 /* XCRemoteSwiftPackageReference "firebase-ios-sdk" */ = {
			isa = XCRemoteSwiftPackageReference;
			repositoryURL = "https://github.com/firebase/firebase-ios-sdk.git";
			requirement = {
				kind = upToNextMajorVersion;
				minimumVersion = 7.0.0;
			};
		};
		11AFA80C2559D10E00856E69 /* XCRemoteSwiftPackageReference "Kingfisher" */ = {
			isa = XCRemoteSwiftPackageReference;
			repositoryURL = "https://github.com/onevcat/Kingfisher.git";
			requirement = {
				kind = upToNextMajorVersion;
				minimumVersion = 5.15.7;
			};
		};
/* End XCRemoteSwiftPackageReference section */

/* Begin XCSwiftPackageProductDependency section */
		11AFA7E92559CEFA00856E69 /* FirebaseRemoteConfig */ = {
			isa = XCSwiftPackageProductDependency;
			package = 11AFA7E82559CEFA00856E69 /* XCRemoteSwiftPackageReference "firebase-ios-sdk" */;
			productName = FirebaseRemoteConfig;
		};
		11AFA7EB2559CEFA00856E69 /* FirebaseStorage */ = {
			isa = XCSwiftPackageProductDependency;
			package = 11AFA7E82559CEFA00856E69 /* XCRemoteSwiftPackageReference "firebase-ios-sdk" */;
			productName = FirebaseStorage;
		};
		11AFA7ED2559CEFA00856E69 /* FirebaseAuth */ = {
			isa = XCSwiftPackageProductDependency;
			package = 11AFA7E82559CEFA00856E69 /* XCRemoteSwiftPackageReference "firebase-ios-sdk" */;
			productName = FirebaseAuth;
		};
		11AFA7EF2559CEFA00856E69 /* FirebaseFirestore */ = {
			isa = XCSwiftPackageProductDependency;
			package = 11AFA7E82559CEFA00856E69 /* XCRemoteSwiftPackageReference "firebase-ios-sdk" */;
			productName = FirebaseFirestore;
		};
		11AFA80D2559D10E00856E69 /* Kingfisher */ = {
			isa = XCSwiftPackageProductDependency;
			package = 11AFA80C2559D10E00856E69 /* XCRemoteSwiftPackageReference "Kingfisher" */;
			productName = Kingfisher;
		};
/* End XCSwiftPackageProductDependency section */

/* Begin XCVersionGroup section */
		EA8C1D61219CE61D00F4D502 /* Tricktionary.xcdatamodeld */ = {
			isa = XCVersionGroup;
			children = (
				EA8C1D62219CE61D00F4D502 /* Tricktionary.xcdatamodel */,
			);
			currentVersion = EA8C1D62219CE61D00F4D502 /* Tricktionary.xcdatamodel */;
			path = Tricktionary.xcdatamodeld;
			sourceTree = "<group>";
			versionGroupType = wrapper.xcdatamodel;
		};
/* End XCVersionGroup section */
	};
	rootObject = EA8C1D4F219CE61C00F4D502 /* Project object */;
}
