PODS:
  - BoringSSL-GRPC (0.0.2):
    - BoringSSL-GRPC/Implementation (= 0.0.2)
    - BoringSSL-GRPC/Interface (= 0.0.2)
  - BoringSSL-GRPC/Implementation (0.0.2):
    - BoringSSL-GRPC/Interface (= 0.0.2)
  - BoringSSL-GRPC/Interface (0.0.2)
  - Firebase (4.9.0):
    - Firebase/Core (= 4.9.0)
  - Firebase/Auth (4.9.0):
    - Firebase/Core
    - FirebaseAuth (= 4.4.3)
  - Firebase/Core (4.9.0):
    - FirebaseAnalytics (= 4.0.9)
    - FirebaseCore (= 4.0.15)
  - Firebase/Firestore (4.9.0):
    - Firebase/Core
    - FirebaseFirestore (= 0.10.1)
  - FirebaseAnalytics (4.0.9):
    - FirebaseCore (~> 4.0)
    - FirebaseInstanceID (~> 2.0)
    - "GoogleToolboxForMac/NSData+zlib (~> 2.1)"
    - nanopb (~> 0.3)
  - FirebaseAuth (4.4.3):
    - FirebaseAnalytics (~> 4.0)
    - "GoogleToolboxForMac/NSDictionary+URLArguments (~> 2.1)"
    - GTMSessionFetcher/Core (~> 1.1)
  - FirebaseCore (4.0.15):
    - "GoogleToolboxForMac/NSData+zlib (~> 2.1)"
  - FirebaseFirestore (0.10.1):
    - FirebaseAnalytics (~> 4.0)
    - FirebaseCore (~> 4.0)
    - gRPC-ProtoRPC (~> 1.0)
    - leveldb-library (~> 1.18)
    - Protobuf (~> 3.1)
  - FirebaseInstanceID (2.0.10):
    - FirebaseCore (~> 4.0)
  - GoogleSignIn (4.4.0):
    - "GoogleToolboxForMac/NSDictionary+URLArguments (~> 2.1)"
    - "GoogleToolboxForMac/NSString+URLArguments (~> 2.1)"
    - GTMSessionFetcher/Core (~> 1.1)
  - GoogleToolboxForMac/DebugUtils (2.2.0):
    - GoogleToolboxForMac/Defines (= 2.2.0)
  - GoogleToolboxForMac/Defines (2.2.0)
  - "GoogleToolboxForMac/NSData+zlib (2.2.0)":
    - GoogleToolboxForMac/Defines (= 2.2.0)
  - "GoogleToolboxForMac/NSDictionary+URLArguments (2.2.0)":
    - GoogleToolboxForMac/DebugUtils (= 2.2.0)
    - GoogleToolboxForMac/Defines (= 2.2.0)
    - "GoogleToolboxForMac/NSString+URLArguments (= 2.2.0)"
  - "GoogleToolboxForMac/NSString+URLArguments (2.2.0)"
  - gRPC (1.17.0):
    - gRPC-RxLibrary (= 1.17.0)
    - gRPC/Main (= 1.17.0)
  - gRPC-Core (1.17.0):
    - gRPC-Core/Implementation (= 1.17.0)
    - gRPC-Core/Interface (= 1.17.0)
  - gRPC-Core/Implementation (1.17.0):
    - BoringSSL-GRPC (= 0.0.2)
    - gRPC-Core/Interface (= 1.17.0)
    - nanopb (~> 0.3)
  - gRPC-Core/Interface (1.17.0)
  - gRPC-ProtoRPC (1.17.0):
    - gRPC-ProtoRPC/Main (= 1.17.0)
  - gRPC-ProtoRPC/Main (1.17.0):
    - gRPC (= 1.17.0)
    - gRPC-RxLibrary (= 1.17.0)
    - Protobuf (~> 3.0)
  - gRPC-RxLibrary (1.17.0)
  - gRPC/Main (1.17.0):
    - gRPC-Core (= 1.17.0)
    - gRPC-RxLibrary (= 1.17.0)
  - GTMSessionFetcher/Core (1.2.1)
  - KJExpandableTableTree (1.1.2)
  - leveldb-library (1.20)
  - nanopb (0.3.901):
    - nanopb/decode (= 0.3.901)
    - nanopb/encode (= 0.3.901)
  - nanopb/decode (0.3.901)
  - nanopb/encode (0.3.901)
  - Protobuf (3.6.1)
  - ReactiveCocoa (8.0.2):
    - ReactiveSwift (~> 4.0)
  - ReactiveSwift (4.0.0):
    - Result (~> 4.0)
  - Result (4.1.0)
  - RxAtomic (4.4.0)
  - RxFirestoreExecutor (0.1.6):
    - Firebase (= 4.9.0)
    - Firebase/Firestore (= 4.9.0)
    - RxSwift (~> 4.0)
    - SwiftyJSON (~> 4.0)
  - RxSwift (4.4.0):
    - RxAtomic (~> 4.4)
  - SnapKit (4.2.0)
  - SwiftyJSON (4.2.0)
  - YoutubePlayerView (1.0.1)

DEPENDENCIES:
  - Firebase/Auth
  - Firebase/Core
  - Firebase/Firestore
  - GoogleSignIn
  - KJExpandableTableTree
  - ReactiveCocoa
  - RxFirestoreExecutor
  - RxSwift
  - SnapKit
  - YoutubePlayerView

SPEC REPOS:
  https://github.com/cocoapods/specs.git:
    - BoringSSL-GRPC
    - Firebase
    - FirebaseAnalytics
    - FirebaseAuth
    - FirebaseCore
    - FirebaseFirestore
    - FirebaseInstanceID
    - GoogleSignIn
    - GoogleToolboxForMac
    - gRPC
    - gRPC-Core
    - gRPC-ProtoRPC
    - gRPC-RxLibrary
    - GTMSessionFetcher
    - KJExpandableTableTree
    - leveldb-library
    - nanopb
    - Protobuf
    - ReactiveCocoa
    - ReactiveSwift
    - Result
    - RxAtomic
    - RxFirestoreExecutor
    - RxSwift
    - SnapKit
    - SwiftyJSON
    - YoutubePlayerView

SPEC CHECKSUMS:
  BoringSSL-GRPC: 2a230d9cd93e7ce39916044f645cebb31f37dde6
  Firebase: 632216af3ed7f31e3be34776947fdc7546cfb572
  FirebaseAnalytics: 388b630c15713f5dbf364071f5f3d6077fb52f4e
  FirebaseAuth: aaaf68d5064a6c8fec435758f83a43b8db26ccaa
  FirebaseCore: 3bd047463058fa6b5d312c97502c52e45401cdfb
  FirebaseFirestore: a6db7a47c6a47d26069892d7db39f7792f2f7f9a
  FirebaseInstanceID: 8d20d890d65c917f9f7d9950b6e10a760ad34321
  GoogleSignIn: 7ff245e1a7b26d379099d3243a562f5747e23d39
  GoogleToolboxForMac: ff31605b7d66400dcec09bed5861689aebadda4d
  gRPC: 72b71666056dcb12235b5238f0ff5948fd60321a
  gRPC-Core: 4028031ed2c5267cca0d846c876d8046b1ecb9b6
  gRPC-ProtoRPC: 94e90774dd0dc089dece93ec22384d8383988f3f
  gRPC-RxLibrary: f2873a17e8133f66d8ce972f8805aa7a518ae974
  GTMSessionFetcher: 32aeca0aa144acea523e1c8e053089dec2cb98ca
  KJExpandableTableTree: b6b20b330e1067a63efec2d4eca69faba64676ca
  leveldb-library: 08cba283675b7ed2d99629a4bc5fd052cd2bb6a5
  nanopb: 2901f78ea1b7b4015c860c2fdd1ea2fee1a18d48
  Protobuf: 1eb9700044745f00181c136ef21b8ff3ad5a0fd5
  ReactiveCocoa: fbd26e9ba60e98417ee47433e59465a98ed9da0f
  ReactiveSwift: a2bb9ace428a109e9c0209615645d9d286c8c433
  Result: bd966fac789cc6c1563440b348ab2598cc24d5c7
  RxAtomic: eacf60db868c96bfd63320e28619fe29c179656f
  RxFirestoreExecutor: 1b8f32f0c5805b4948cd7e8a256f54ddc9a09780
  RxSwift: 5976ecd04fc2fefd648827c23de5e11157faa973
  SnapKit: fe8a619752f3f27075cc9a90244d75c6c3f27e2a
  SwiftyJSON: c4bcba26dd9ec7a027fc8eade48e2c911f229e96
  YoutubePlayerView: 510480ccdf03f2ffc888ee0b2bf2d1d8f8d9289f

PODFILE CHECKSUM: 5859cdd5bf77bfd886cca2b95e39d5e85c3b38d1

COCOAPODS: 1.5.3
