PODS:
  - Apollo (0.39.0):
    - Apollo/Core (= 0.39.0)
  - Apollo/Core (0.39.0)
  - AppAuth (1.4.0):
    - AppAuth/Core (= 1.4.0)
    - AppAuth/ExternalUserAgent (= 1.4.0)
  - AppAuth/Core (1.4.0)
  - AppAuth/ExternalUserAgent (1.4.0)
  - ChameleonFramework (2.1.0):
    - ChameleonFramework/Default (= 2.1.0)
  - ChameleonFramework/Default (2.1.0)
  - Charts (3.6.0):
    - Charts/Core (= 3.6.0)
  - Charts/Core (3.6.0)
  - GoogleSignIn (5.0.2):
    - AppAuth (~> 1.2)
    - GTMAppAuth (~> 1.0)
    - GTMSessionFetcher/Core (~> 1.1)
  - GTMAppAuth (1.1.0):
    - AppAuth/Core (~> 1.4)
    - GTMSessionFetcher (~> 1.4)
  - GTMSessionFetcher (1.5.0):
    - GTMSessionFetcher/Full (= 1.5.0)
  - GTMSessionFetcher/Core (1.5.0)
  - GTMSessionFetcher/Full (1.5.0):
    - GTMSessionFetcher/Core (= 1.5.0)
  - LifetimeTracker (1.8.0)
  - ReactiveCocoa (11.1.0):
    - ReactiveSwift (~> 6.2)
  - ReactiveSwift (6.5.0)
  - RxSwift (6.1.0)
  - SnapKit (5.0.1)
  - SwiftChart (1.0.1)
  - Swinject (2.7.1)
  - YoutubePlayerView (1.2.1)

DEPENDENCIES:
  - Apollo
  - ChameleonFramework
  - Charts
  - GoogleSignIn
  - LifetimeTracker
  - ReactiveCocoa
  - RxSwift
  - SnapKit
  - SwiftChart
  - Swinject
  - YoutubePlayerView

SPEC REPOS:
  trunk:
    - Apollo
    - AppAuth
    - ChameleonFramework
    - Charts
    - GoogleSignIn
    - GTMAppAuth
    - GTMSessionFetcher
    - LifetimeTracker
    - ReactiveCocoa
    - ReactiveSwift
    - RxSwift
    - SnapKit
    - SwiftChart
    - Swinject
    - YoutubePlayerView

SPEC CHECKSUMS:
  Apollo: f6c6410ebee82dd5846be87b81cedc8bc7754a82
  AppAuth: 31bcec809a638d7bd2f86ea8a52bd45f6e81e7c7
  ChameleonFramework: d21a3cc247abfe5e37609a283a8238b03575cf64
  Charts: b1e3a1f5a1c9ba5394438ca3b91bd8c9076310af
  GoogleSignIn: 7137d297ddc022a7e0aa4619c86d72c909fa7213
  GTMAppAuth: 197a8dabfea5d665224aa00d17f164fc2248dab9
  GTMSessionFetcher: b3503b20a988c4e20cc189aa798fd18220133f52
  LifetimeTracker: a7a0fcf35bbf933f83b1c1020e267996d17cdcea
  ReactiveCocoa: 7bc87ad2d361b9de141278b1950edd7fe91b15b1
  ReactiveSwift: 8d159904084e908856cde90b2e28823f3c7e485f
  RxSwift: a834e5c538e89eca0cae86f403f4fbf0336786ce
  SnapKit: 97b92857e3df3a0c71833cce143274bf6ef8e5eb
  SwiftChart: ba767a678d568a5ee22d419e146a0582865e1aff
  Swinject: ddf78b8486dd9b71a667b852cad919ab4484478e
  YoutubePlayerView: 3870fc10f2db3f54156697757f44d304203bdc7e

PODFILE CHECKSUM: c8ab9cfa6ccba1778afc8d2fdb42236e4eb2e48c

COCOAPODS: 1.10.1
