PODS:
  - BoringSSL-GRPC (0.0.2):
    - BoringSSL-GRPC/Implementation (= 0.0.2)
    - BoringSSL-GRPC/Interface (= 0.0.2)
  - BoringSSL-GRPC/Implementation (0.0.2):
    - BoringSSL-GRPC/Interface (= 0.0.2)
  - BoringSSL-GRPC/Interface (0.0.2)
  - Firebase (4.9.0):
    - Firebase/Core (= 4.9.0)
  - Firebase/Core (4.9.0):
    - FirebaseAnalytics (= 4.0.9)
    - FirebaseCore (= 4.0.15)
  - Firebase/Firestore (4.9.0):
    - Firebase/Core
    - FirebaseFirestore (= 0.10.1)
  - FirebaseAnalytics (4.0.9):
    - FirebaseCore (~> 4.0)
    - FirebaseInstanceID (~> 2.0)
    - "GoogleToolboxForMac/NSData+zlib (~> 2.1)"
    - nanopb (~> 0.3)
  - FirebaseCore (4.0.15):
    - "GoogleToolboxForMac/NSData+zlib (~> 2.1)"
  - FirebaseFirestore (0.10.1):
    - FirebaseAnalytics (~> 4.0)
    - FirebaseCore (~> 4.0)
    - gRPC-ProtoRPC (~> 1.0)
    - leveldb-library (~> 1.18)
    - Protobuf (~> 3.1)
  - FirebaseInstanceID (2.0.10):
    - FirebaseCore (~> 4.0)
  - GoogleToolboxForMac/Defines (2.1.4)
  - "GoogleToolboxForMac/NSData+zlib (2.1.4)":
    - GoogleToolboxForMac/Defines (= 2.1.4)
  - gRPC (1.16.0):
    - gRPC-RxLibrary (= 1.16.0)
    - gRPC/Main (= 1.16.0)
  - gRPC-Core (1.16.0):
    - gRPC-Core/Implementation (= 1.16.0)
    - gRPC-Core/Interface (= 1.16.0)
  - gRPC-Core/Implementation (1.16.0):
    - BoringSSL-GRPC (= 0.0.2)
    - gRPC-Core/Interface (= 1.16.0)
    - nanopb (~> 0.3)
  - gRPC-Core/Interface (1.16.0)
  - gRPC-ProtoRPC (1.16.0):
    - gRPC-ProtoRPC/Main (= 1.16.0)
  - gRPC-ProtoRPC/Main (1.16.0):
    - gRPC (= 1.16.0)
    - gRPC-RxLibrary (= 1.16.0)
    - Protobuf (~> 3.0)
  - gRPC-RxLibrary (1.16.0)
  - gRPC/Main (1.16.0):
    - gRPC-Core (= 1.16.0)
    - gRPC-RxLibrary (= 1.16.0)
  - leveldb-library (1.20)
  - nanopb (0.3.901):
    - nanopb/decode (= 0.3.901)
    - nanopb/encode (= 0.3.901)
  - nanopb/decode (0.3.901)
  - nanopb/encode (0.3.901)
  - Protobuf (3.6.1)
  - ReactiveCocoa (8.0.2):
    - ReactiveSwift (~> 4.0)
  - ReactiveSwift (4.0.0):
    - Result (~> 4.0)
  - Result (4.0.0)
  - RxAtomic (4.4.0)
  - RxFirestoreExecutor (0.1.6):
    - Firebase (= 4.9.0)
    - Firebase/Firestore (= 4.9.0)
    - RxSwift (~> 4.0)
    - SwiftyJSON (~> 4.0)
  - RxSwift (4.4.0):
    - RxAtomic (~> 4.4)
  - SnapKit (4.2.0)
  - SwiftyJSON (4.2.0)
  - YouTubePlayerSwift (0.1.3)

DEPENDENCIES:
  - Firebase/Core
  - Firebase/Firestore
  - ReactiveCocoa
  - RxFirestoreExecutor
  - SnapKit
  - YouTubePlayerSwift

SPEC REPOS:
  https://github.com/cocoapods/specs.git:
    - BoringSSL-GRPC
    - Firebase
    - FirebaseAnalytics
    - FirebaseCore
    - FirebaseFirestore
    - FirebaseInstanceID
    - GoogleToolboxForMac
    - gRPC
    - gRPC-Core
    - gRPC-ProtoRPC
    - gRPC-RxLibrary
    - leveldb-library
    - nanopb
    - Protobuf
    - ReactiveCocoa
    - ReactiveSwift
    - Result
    - RxAtomic
    - RxFirestoreExecutor
    - RxSwift
    - SnapKit
    - SwiftyJSON
    - YouTubePlayerSwift

SPEC CHECKSUMS:
  BoringSSL-GRPC: 2a230d9cd93e7ce39916044f645cebb31f37dde6
  Firebase: 632216af3ed7f31e3be34776947fdc7546cfb572
  FirebaseAnalytics: 388b630c15713f5dbf364071f5f3d6077fb52f4e
  FirebaseCore: 3bd047463058fa6b5d312c97502c52e45401cdfb
  FirebaseFirestore: a6db7a47c6a47d26069892d7db39f7792f2f7f9a
  FirebaseInstanceID: 8d20d890d65c917f9f7d9950b6e10a760ad34321
  GoogleToolboxForMac: 91c824d21e85b31c2aae9bb011c5027c9b4e738f
  gRPC: e35d5286c526bb4dd03662a314dce9599b83b3a5
  gRPC-Core: 24f0344f259b87b477cfd50e1c80a743bbc48113
  gRPC-ProtoRPC: 3d07afd59f65bf29f0456724978035d2d12e903e
  gRPC-RxLibrary: a4bfc6fbb4fb5ed45f85a2317435bc08ace76ac5
  leveldb-library: 08cba283675b7ed2d99629a4bc5fd052cd2bb6a5
  nanopb: 2901f78ea1b7b4015c860c2fdd1ea2fee1a18d48
  Protobuf: 1eb9700044745f00181c136ef21b8ff3ad5a0fd5
  ReactiveCocoa: fbd26e9ba60e98417ee47433e59465a98ed9da0f
  ReactiveSwift: a2bb9ace428a109e9c0209615645d9d286c8c433
  Result: 7645bb3f50c2ce726dd0ff2fa7b6f42bbe6c3713
  RxAtomic: eacf60db868c96bfd63320e28619fe29c179656f
  RxFirestoreExecutor: 1b8f32f0c5805b4948cd7e8a256f54ddc9a09780
  RxSwift: 5976ecd04fc2fefd648827c23de5e11157faa973
  SnapKit: fe8a619752f3f27075cc9a90244d75c6c3f27e2a
  SwiftyJSON: c4bcba26dd9ec7a027fc8eade48e2c911f229e96
  YouTubePlayerSwift: be399dbf5de5511831a9387310aafd0f51eb1d24

PODFILE CHECKSUM: 7adbb8f54e12b4053d626ed832744329d76c45f2

COCOAPODS: 1.5.3
